// !$*UTF8*$!
{
	archiveVersion = 1;
	classes = {
	};
	objectVersion = 46;
	objects = {

/* Begin PBXBuildFile section */
		84E29EBD185B39AF006853C8 /* Cocoa.framework in Frameworks */ = {isa = PBXBuildFile; fileRef = 84E29EBC185B39AF006853C8 /* Cocoa.framework */; };
		84E29EC7185B39AF006853C8 /* InfoPlist.strings in Resources */ = {isa = PBXBuildFile; fileRef = 84E29EC5185B39AF006853C8 /* InfoPlist.strings */; };
		84E29EC9185B39AF006853C8 /* main.m in Sources */ = {isa = PBXBuildFile; fileRef = 84E29EC8185B39AF006853C8 /* main.m */; };
		84E29ECD185B39AF006853C8 /* Credits.rtf in Resources */ = {isa = PBXBuildFile; fileRef = 84E29ECB185B39AF006853C8 /* Credits.rtf */; };
		84E29ED0185B39AF006853C8 /* AppDelegate.m in Sources */ = {isa = PBXBuildFile; fileRef = 84E29ECF185B39AF006853C8 /* AppDelegate.m */; };
		84E29ED3185B39AF006853C8 /* MainMenu.xib in Resources */ = {isa = PBXBuildFile; fileRef = 84E29ED1185B39AF006853C8 /* MainMenu.xib */; };
		84E29ED6185B39AF006853C8 /* ListenBooks.xcdatamodeld in Sources */ = {isa = PBXBuildFile; fileRef = 84E29ED4185B39AF006853C8 /* ListenBooks.xcdatamodeld */; };
		84E29ED8185B39AF006853C8 /* Images.xcassets in Resources */ = {isa = PBXBuildFile; fileRef = 84E29ED7185B39AF006853C8 /* Images.xcassets */; };
		84E29EDF185B39AF006853C8 /* XCTest.framework in Frameworks */ = {isa = PBXBuildFile; fileRef = 84E29EDE185B39AF006853C8 /* XCTest.framework */; };
		84E29EE0185B39AF006853C8 /* Cocoa.framework in Frameworks */ = {isa = PBXBuildFile; fileRef = 84E29EBC185B39AF006853C8 /* Cocoa.framework */; };
		84E29EE8185B39AF006853C8 /* InfoPlist.strings in Resources */ = {isa = PBXBuildFile; fileRef = 84E29EE6185B39AF006853C8 /* InfoPlist.strings */; };
		84E29EEA185B39AF006853C8 /* ListenBooksTests.m in Sources */ = {isa = PBXBuildFile; fileRef = 84E29EE9185B39AF006853C8 /* ListenBooksTests.m */; };
		84E29F05185B5BCE006853C8 /* KFEpubConstants.m in Sources */ = {isa = PBXBuildFile; fileRef = 84E29EFA185B5BCE006853C8 /* KFEpubConstants.m */; };
		84E29F06185B5BCE006853C8 /* KFEpubContentModel.m in Sources */ = {isa = PBXBuildFile; fileRef = 84E29EFC185B5BCE006853C8 /* KFEpubContentModel.m */; };
		84E29F07185B5BCE006853C8 /* KFEpubController.m in Sources */ = {isa = PBXBuildFile; fileRef = 84E29EFE185B5BCE006853C8 /* KFEpubController.m */; };
		84E29F08185B5BCE006853C8 /* KFEpubExtractor.m in Sources */ = {isa = PBXBuildFile; fileRef = 84E29F00185B5BCE006853C8 /* KFEpubExtractor.m */; };
		84E29F09185B5BCE006853C8 /* KFEpubKit.m in Sources */ = {isa = PBXBuildFile; fileRef = 84E29F02185B5BCE006853C8 /* KFEpubKit.m */; };
		84E29F0A185B5BCE006853C8 /* KFEpubParser.m in Sources */ = {isa = PBXBuildFile; fileRef = 84E29F04185B5BCE006853C8 /* KFEpubParser.m */; };
		84E29F0D185B5BF1006853C8 /* tolstoy-war-and-peace.epub in Resources */ = {isa = PBXBuildFile; fileRef = 84E29F0C185B5BF1006853C8 /* tolstoy-war-and-peace.epub */; };
		84E29F1E185B5DD7006853C8 /* DDXMLElementAdditions.m in Sources */ = {isa = PBXBuildFile; fileRef = 84E29F11185B5DD7006853C8 /* DDXMLElementAdditions.m */; };
		84E29F1F185B5DD7006853C8 /* NSString+DDXML.m in Sources */ = {isa = PBXBuildFile; fileRef = 84E29F14185B5DD7006853C8 /* NSString+DDXML.m */; };
		84E29F20185B5DD7006853C8 /* DDXMLDocument.m in Sources */ = {isa = PBXBuildFile; fileRef = 84E29F17185B5DD7006853C8 /* DDXMLDocument.m */; };
		84E29F21185B5DD7006853C8 /* DDXMLElement.m in Sources */ = {isa = PBXBuildFile; fileRef = 84E29F19185B5DD7006853C8 /* DDXMLElement.m */; };
		84E29F22185B5DD7006853C8 /* DDXMLNode.m in Sources */ = {isa = PBXBuildFile; fileRef = 84E29F1B185B5DD7006853C8 /* DDXMLNode.m */; };
		84E29F30185B6175006853C8 /* ioapi.c in Sources */ = {isa = PBXBuildFile; fileRef = 84E29F26185B6175006853C8 /* ioapi.c */; };
		84E29F31185B6175006853C8 /* mztools.c in Sources */ = {isa = PBXBuildFile; fileRef = 84E29F28185B6175006853C8 /* mztools.c */; };
		84E29F32185B6175006853C8 /* unzip.c in Sources */ = {isa = PBXBuildFile; fileRef = 84E29F2A185B6175006853C8 /* unzip.c */; };
		84E29F33185B6175006853C8 /* zip.c in Sources */ = {isa = PBXBuildFile; fileRef = 84E29F2C185B6175006853C8 /* zip.c */; };
		84E29F34185B6175006853C8 /* SSZipArchive.m in Sources */ = {isa = PBXBuildFile; fileRef = 84E29F2F185B6175006853C8 /* SSZipArchive.m */; };
		84E29F36185B618B006853C8 /* libxml2.dylib in Frameworks */ = {isa = PBXBuildFile; fileRef = 84E29F35185B618B006853C8 /* libxml2.dylib */; };
		84E29F38185B64D2006853C8 /* libz.dylib in Frameworks */ = {isa = PBXBuildFile; fileRef = 84E29F37185B64D2006853C8 /* libz.dylib */; };
		84E29F3F185B6CD5006853C8 /* invalid-manifest.opf in Resources */ = {isa = PBXBuildFile; fileRef = 84E29F39185B6CD5006853C8 /* invalid-manifest.opf */; };
		84E29F40185B6CD5006853C8 /* invalid-toc.opf in Resources */ = {isa = PBXBuildFile; fileRef = 84E29F3A185B6CD5006853C8 /* invalid-toc.opf */; };
		84E29F41185B6CD5006853C8 /* tolstoy-war-and-peace.epub in Resources */ = {isa = PBXBuildFile; fileRef = 84E29F3B185B6CD5006853C8 /* tolstoy-war-and-peace.epub */; };
		84E29F42185B6CD5006853C8 /* valid-comments.opf in Resources */ = {isa = PBXBuildFile; fileRef = 84E29F3C185B6CD5006853C8 /* valid-comments.opf */; };
		84E29F43185B6CD5006853C8 /* valid.opf in Resources */ = {isa = PBXBuildFile; fileRef = 84E29F3D185B6CD5006853C8 /* valid.opf */; };
		84E29F44185B6CD5006853C8 /* Winnie-the-Pooh.epub in Resources */ = {isa = PBXBuildFile; fileRef = 84E29F3E185B6CD5006853C8 /* Winnie-the-Pooh.epub */; };
/* End PBXBuildFile section */

/* Begin PBXContainerItemProxy section */
		84E29EE1185B39AF006853C8 /* PBXContainerItemProxy */ = {
			isa = PBXContainerItemProxy;
			containerPortal = 84E29EB1185B39AF006853C8 /* Project object */;
			proxyType = 1;
			remoteGlobalIDString = 84E29EB8185B39AF006853C8;
			remoteInfo = ListenBooks;
		};
/* End PBXContainerItemProxy section */

/* Begin PBXFileReference section */
		84E29EB9185B39AF006853C8 /* ListenBooks.app */ = {isa = PBXFileReference; explicitFileType = wrapper.application; includeInIndex = 0; path = ListenBooks.app; sourceTree = BUILT_PRODUCTS_DIR; };
		84E29EBC185B39AF006853C8 /* Cocoa.framework */ = {isa = PBXFileReference; lastKnownFileType = wrapper.framework; name = Cocoa.framework; path = System/Library/Frameworks/Cocoa.framework; sourceTree = SDKROOT; };
		84E29EBF185B39AF006853C8 /* AppKit.framework */ = {isa = PBXFileReference; lastKnownFileType = wrapper.framework; name = AppKit.framework; path = System/Library/Frameworks/AppKit.framework; sourceTree = SDKROOT; };
		84E29EC0185B39AF006853C8 /* CoreData.framework */ = {isa = PBXFileReference; lastKnownFileType = wrapper.framework; name = CoreData.framework; path = System/Library/Frameworks/CoreData.framework; sourceTree = SDKROOT; };
		84E29EC1185B39AF006853C8 /* Foundation.framework */ = {isa = PBXFileReference; lastKnownFileType = wrapper.framework; name = Foundation.framework; path = System/Library/Frameworks/Foundation.framework; sourceTree = SDKROOT; };
		84E29EC4185B39AF006853C8 /* ListenBooks-Info.plist */ = {isa = PBXFileReference; lastKnownFileType = text.plist.xml; path = "ListenBooks-Info.plist"; sourceTree = "<group>"; };
		84E29EC6185B39AF006853C8 /* en */ = {isa = PBXFileReference; lastKnownFileType = text.plist.strings; name = en; path = en.lproj/InfoPlist.strings; sourceTree = "<group>"; };
		84E29EC8185B39AF006853C8 /* main.m */ = {isa = PBXFileReference; lastKnownFileType = sourcecode.c.objc; path = main.m; sourceTree = "<group>"; };
		84E29ECA185B39AF006853C8 /* ListenBooks-Prefix.pch */ = {isa = PBXFileReference; lastKnownFileType = sourcecode.c.h; path = "ListenBooks-Prefix.pch"; sourceTree = "<group>"; };
		84E29ECC185B39AF006853C8 /* en */ = {isa = PBXFileReference; lastKnownFileType = text.rtf; name = en; path = en.lproj/Credits.rtf; sourceTree = "<group>"; };
		84E29ECE185B39AF006853C8 /* AppDelegate.h */ = {isa = PBXFileReference; lastKnownFileType = sourcecode.c.h; path = AppDelegate.h; sourceTree = "<group>"; };
		84E29ECF185B39AF006853C8 /* AppDelegate.m */ = {isa = PBXFileReference; lastKnownFileType = sourcecode.c.objc; path = AppDelegate.m; sourceTree = "<group>"; };
		84E29ED2185B39AF006853C8 /* Base */ = {isa = PBXFileReference; lastKnownFileType = file.xib; name = Base; path = Base.lproj/MainMenu.xib; sourceTree = "<group>"; };
		84E29ED5185B39AF006853C8 /* ListenBooks.xcdatamodel */ = {isa = PBXFileReference; lastKnownFileType = wrapper.xcdatamodel; path = ListenBooks.xcdatamodel; sourceTree = "<group>"; };
		84E29ED7185B39AF006853C8 /* Images.xcassets */ = {isa = PBXFileReference; lastKnownFileType = folder.assetcatalog; path = Images.xcassets; sourceTree = "<group>"; };
		84E29EDD185B39AF006853C8 /* ListenBooksTests.xctest */ = {isa = PBXFileReference; explicitFileType = wrapper.cfbundle; includeInIndex = 0; path = ListenBooksTests.xctest; sourceTree = BUILT_PRODUCTS_DIR; };
		84E29EDE185B39AF006853C8 /* XCTest.framework */ = {isa = PBXFileReference; lastKnownFileType = wrapper.framework; name = XCTest.framework; path = Library/Frameworks/XCTest.framework; sourceTree = DEVELOPER_DIR; };
		84E29EE5185B39AF006853C8 /* ListenBooksTests-Info.plist */ = {isa = PBXFileReference; lastKnownFileType = text.plist.xml; path = "ListenBooksTests-Info.plist"; sourceTree = "<group>"; };
		84E29EE7185B39AF006853C8 /* en */ = {isa = PBXFileReference; lastKnownFileType = text.plist.strings; name = en; path = en.lproj/InfoPlist.strings; sourceTree = "<group>"; };
		84E29EE9185B39AF006853C8 /* ListenBooksTests.m */ = {isa = PBXFileReference; lastKnownFileType = sourcecode.c.objc; path = ListenBooksTests.m; sourceTree = "<group>"; };
		84E29EF3185B3BFB006853C8 /* ListenBooks.entitlements */ = {isa = PBXFileReference; lastKnownFileType = text.xml; path = ListenBooks.entitlements; sourceTree = "<group>"; };
		84E29EF9185B5BCE006853C8 /* KFEpubConstants.h */ = {isa = PBXFileReference; fileEncoding = 4; lastKnownFileType = sourcecode.c.h; path = KFEpubConstants.h; sourceTree = "<group>"; };
		84E29EFA185B5BCE006853C8 /* KFEpubConstants.m */ = {isa = PBXFileReference; fileEncoding = 4; lastKnownFileType = sourcecode.c.objc; path = KFEpubConstants.m; sourceTree = "<group>"; };
		84E29EFB185B5BCE006853C8 /* KFEpubContentModel.h */ = {isa = PBXFileReference; fileEncoding = 4; lastKnownFileType = sourcecode.c.h; path = KFEpubContentModel.h; sourceTree = "<group>"; };
		84E29EFC185B5BCE006853C8 /* KFEpubContentModel.m */ = {isa = PBXFileReference; fileEncoding = 4; lastKnownFileType = sourcecode.c.objc; path = KFEpubContentModel.m; sourceTree = "<group>"; };
		84E29EFD185B5BCE006853C8 /* KFEpubController.h */ = {isa = PBXFileReference; fileEncoding = 4; lastKnownFileType = sourcecode.c.h; path = KFEpubController.h; sourceTree = "<group>"; };
		84E29EFE185B5BCE006853C8 /* KFEpubController.m */ = {isa = PBXFileReference; fileEncoding = 4; lastKnownFileType = sourcecode.c.objc; path = KFEpubController.m; sourceTree = "<group>"; };
		84E29EFF185B5BCE006853C8 /* KFEpubExtractor.h */ = {isa = PBXFileReference; fileEncoding = 4; lastKnownFileType = sourcecode.c.h; path = KFEpubExtractor.h; sourceTree = "<group>"; };
		84E29F00185B5BCE006853C8 /* KFEpubExtractor.m */ = {isa = PBXFileReference; fileEncoding = 4; lastKnownFileType = sourcecode.c.objc; path = KFEpubExtractor.m; sourceTree = "<group>"; };
		84E29F01185B5BCE006853C8 /* KFEpubKit.h */ = {isa = PBXFileReference; fileEncoding = 4; lastKnownFileType = sourcecode.c.h; path = KFEpubKit.h; sourceTree = "<group>"; };
		84E29F02185B5BCE006853C8 /* KFEpubKit.m */ = {isa = PBXFileReference; fileEncoding = 4; lastKnownFileType = sourcecode.c.objc; path = KFEpubKit.m; sourceTree = "<group>"; };
		84E29F03185B5BCE006853C8 /* KFEpubParser.h */ = {isa = PBXFileReference; fileEncoding = 4; lastKnownFileType = sourcecode.c.h; path = KFEpubParser.h; sourceTree = "<group>"; };
		84E29F04185B5BCE006853C8 /* KFEpubParser.m */ = {isa = PBXFileReference; fileEncoding = 4; lastKnownFileType = sourcecode.c.objc; path = KFEpubParser.m; sourceTree = "<group>"; };
		84E29F0C185B5BF1006853C8 /* tolstoy-war-and-peace.epub */ = {isa = PBXFileReference; lastKnownFileType = file; name = "tolstoy-war-and-peace.epub"; path = "Vendor/KFEpubKit/KFEpubKit/Resources/tolstoy-war-and-peace.epub"; sourceTree = "<group>"; };
		84E29F10185B5DD7006853C8 /* DDXMLElementAdditions.h */ = {isa = PBXFileReference; fileEncoding = 4; lastKnownFileType = sourcecode.c.h; path = DDXMLElementAdditions.h; sourceTree = "<group>"; };
		84E29F11185B5DD7006853C8 /* DDXMLElementAdditions.m */ = {isa = PBXFileReference; fileEncoding = 4; lastKnownFileType = sourcecode.c.objc; path = DDXMLElementAdditions.m; sourceTree = "<group>"; };
		84E29F13185B5DD7006853C8 /* NSString+DDXML.h */ = {isa = PBXFileReference; fileEncoding = 4; lastKnownFileType = sourcecode.c.h; path = "NSString+DDXML.h"; sourceTree = "<group>"; };
		84E29F14185B5DD7006853C8 /* NSString+DDXML.m */ = {isa = PBXFileReference; fileEncoding = 4; lastKnownFileType = sourcecode.c.objc; path = "NSString+DDXML.m"; sourceTree = "<group>"; };
		84E29F15185B5DD7006853C8 /* DDXML.h */ = {isa = PBXFileReference; fileEncoding = 4; lastKnownFileType = sourcecode.c.h; path = DDXML.h; sourceTree = "<group>"; };
		84E29F16185B5DD7006853C8 /* DDXMLDocument.h */ = {isa = PBXFileReference; fileEncoding = 4; lastKnownFileType = sourcecode.c.h; path = DDXMLDocument.h; sourceTree = "<group>"; };
		84E29F17185B5DD7006853C8 /* DDXMLDocument.m */ = {isa = PBXFileReference; fileEncoding = 4; lastKnownFileType = sourcecode.c.objc; path = DDXMLDocument.m; sourceTree = "<group>"; };
		84E29F18185B5DD7006853C8 /* DDXMLElement.h */ = {isa = PBXFileReference; fileEncoding = 4; lastKnownFileType = sourcecode.c.h; path = DDXMLElement.h; sourceTree = "<group>"; };
		84E29F19185B5DD7006853C8 /* DDXMLElement.m */ = {isa = PBXFileReference; fileEncoding = 4; lastKnownFileType = sourcecode.c.objc; path = DDXMLElement.m; sourceTree = "<group>"; };
		84E29F1A185B5DD7006853C8 /* DDXMLNode.h */ = {isa = PBXFileReference; fileEncoding = 4; lastKnownFileType = sourcecode.c.h; path = DDXMLNode.h; sourceTree = "<group>"; };
		84E29F1B185B5DD7006853C8 /* DDXMLNode.m */ = {isa = PBXFileReference; fileEncoding = 4; lastKnownFileType = sourcecode.c.objc; path = DDXMLNode.m; sourceTree = "<group>"; };
		84E29F1D185B5DD7006853C8 /* DDXMLPrivate.h */ = {isa = PBXFileReference; fileEncoding = 4; lastKnownFileType = sourcecode.c.h; path = DDXMLPrivate.h; sourceTree = "<group>"; };
		84E29F25185B6175006853C8 /* crypt.h */ = {isa = PBXFileReference; fileEncoding = 4; lastKnownFileType = sourcecode.c.h; path = crypt.h; sourceTree = "<group>"; };
		84E29F26185B6175006853C8 /* ioapi.c */ = {isa = PBXFileReference; fileEncoding = 4; lastKnownFileType = sourcecode.c.c; path = ioapi.c; sourceTree = "<group>"; };
		84E29F27185B6175006853C8 /* ioapi.h */ = {isa = PBXFileReference; fileEncoding = 4; lastKnownFileType = sourcecode.c.h; path = ioapi.h; sourceTree = "<group>"; };
		84E29F28185B6175006853C8 /* mztools.c */ = {isa = PBXFileReference; fileEncoding = 4; lastKnownFileType = sourcecode.c.c; path = mztools.c; sourceTree = "<group>"; };
		84E29F29185B6175006853C8 /* mztools.h */ = {isa = PBXFileReference; fileEncoding = 4; lastKnownFileType = sourcecode.c.h; path = mztools.h; sourceTree = "<group>"; };
		84E29F2A185B6175006853C8 /* unzip.c */ = {isa = PBXFileReference; fileEncoding = 4; lastKnownFileType = sourcecode.c.c; path = unzip.c; sourceTree = "<group>"; };
		84E29F2B185B6175006853C8 /* unzip.h */ = {isa = PBXFileReference; fileEncoding = 4; lastKnownFileType = sourcecode.c.h; path = unzip.h; sourceTree = "<group>"; };
		84E29F2C185B6175006853C8 /* zip.c */ = {isa = PBXFileReference; fileEncoding = 4; lastKnownFileType = sourcecode.c.c; path = zip.c; sourceTree = "<group>"; };
		84E29F2D185B6175006853C8 /* zip.h */ = {isa = PBXFileReference; fileEncoding = 4; lastKnownFileType = sourcecode.c.h; path = zip.h; sourceTree = "<group>"; };
		84E29F2E185B6175006853C8 /* SSZipArchive.h */ = {isa = PBXFileReference; fileEncoding = 4; lastKnownFileType = sourcecode.c.h; path = SSZipArchive.h; sourceTree = "<group>"; };
		84E29F2F185B6175006853C8 /* SSZipArchive.m */ = {isa = PBXFileReference; fileEncoding = 4; lastKnownFileType = sourcecode.c.objc; path = SSZipArchive.m; sourceTree = "<group>"; };
		84E29F35185B618B006853C8 /* libxml2.dylib */ = {isa = PBXFileReference; lastKnownFileType = "compiled.mach-o.dylib"; name = libxml2.dylib; path = usr/lib/libxml2.dylib; sourceTree = SDKROOT; };
		84E29F37185B64D2006853C8 /* libz.dylib */ = {isa = PBXFileReference; lastKnownFileType = "compiled.mach-o.dylib"; name = libz.dylib; path = usr/lib/libz.dylib; sourceTree = SDKROOT; };
		84E29F39185B6CD5006853C8 /* invalid-manifest.opf */ = {isa = PBXFileReference; fileEncoding = 4; lastKnownFileType = text.xml; name = "invalid-manifest.opf"; path = "Vendor/KFEpubKit/EpubKitTests/Resources/invalid-manifest.opf"; sourceTree = "<group>"; };
		84E29F3A185B6CD5006853C8 /* invalid-toc.opf */ = {isa = PBXFileReference; fileEncoding = 4; lastKnownFileType = text.xml; name = "invalid-toc.opf"; path = "Vendor/KFEpubKit/EpubKitTests/Resources/invalid-toc.opf"; sourceTree = "<group>"; };
		84E29F3B185B6CD5006853C8 /* tolstoy-war-and-peace.epub */ = {isa = PBXFileReference; lastKnownFileType = file; name = "tolstoy-war-and-peace.epub"; path = "Vendor/KFEpubKit/EpubKitTests/Resources/tolstoy-war-and-peace.epub"; sourceTree = "<group>"; };
		84E29F3C185B6CD5006853C8 /* valid-comments.opf */ = {isa = PBXFileReference; fileEncoding = 4; lastKnownFileType = text.xml; name = "valid-comments.opf"; path = "Vendor/KFEpubKit/EpubKitTests/Resources/valid-comments.opf"; sourceTree = "<group>"; };
		84E29F3D185B6CD5006853C8 /* valid.opf */ = {isa = PBXFileReference; fileEncoding = 4; lastKnownFileType = text.xml; name = valid.opf; path = Vendor/KFEpubKit/EpubKitTests/Resources/valid.opf; sourceTree = "<group>"; };
		84E29F3E185B6CD5006853C8 /* Winnie-the-Pooh.epub */ = {isa = PBXFileReference; lastKnownFileType = file; name = "Winnie-the-Pooh.epub"; path = "Vendor/KFEpubKit/EpubKitTests/Resources/Winnie-the-Pooh.epub"; sourceTree = "<group>"; };
/* End PBXFileReference section */

/* Begin PBXFrameworksBuildPhase section */
		84E29EB6185B39AF006853C8 /* Frameworks */ = {
			isa = PBXFrameworksBuildPhase;
			buildActionMask = 2147483647;
			files = (
				84E29F38185B64D2006853C8 /* libz.dylib in Frameworks */,
				84E29F36185B618B006853C8 /* libxml2.dylib in Frameworks */,
				84E29EBD185B39AF006853C8 /* Cocoa.framework in Frameworks */,
			);
			runOnlyForDeploymentPostprocessing = 0;
		};
		84E29EDA185B39AF006853C8 /* Frameworks */ = {
			isa = PBXFrameworksBuildPhase;
			buildActionMask = 2147483647;
			files = (
				84E29EE0185B39AF006853C8 /* Cocoa.framework in Frameworks */,
				84E29EDF185B39AF006853C8 /* XCTest.framework in Frameworks */,
			);
			runOnlyForDeploymentPostprocessing = 0;
		};
/* End PBXFrameworksBuildPhase section */

/* Begin PBXGroup section */
		84E29EB0185B39AF006853C8 = {
			isa = PBXGroup;
			children = (
				84E29EC2185B39AF006853C8 /* ListenBooks */,
				84E29EE3185B39AF006853C8 /* ListenBooksTests */,
				84E29EBB185B39AF006853C8 /* Frameworks */,
				84E29F0B185B5BDE006853C8 /* Resources */,
				84E29EF7185B5BAF006853C8 /* Vendor */,
				84E29EBA185B39AF006853C8 /* Products */,
			);
			sourceTree = "<group>";
		};
		84E29EBA185B39AF006853C8 /* Products */ = {
			isa = PBXGroup;
			children = (
				84E29EB9185B39AF006853C8 /* ListenBooks.app */,
				84E29EDD185B39AF006853C8 /* ListenBooksTests.xctest */,
			);
			name = Products;
			sourceTree = "<group>";
		};
		84E29EBB185B39AF006853C8 /* Frameworks */ = {
			isa = PBXGroup;
			children = (
				84E29F37185B64D2006853C8 /* libz.dylib */,
				84E29F35185B618B006853C8 /* libxml2.dylib */,
				84E29EBC185B39AF006853C8 /* Cocoa.framework */,
				84E29EDE185B39AF006853C8 /* XCTest.framework */,
				84E29EBE185B39AF006853C8 /* Other Frameworks */,
			);
			name = Frameworks;
			sourceTree = "<group>";
		};
		84E29EBE185B39AF006853C8 /* Other Frameworks */ = {
			isa = PBXGroup;
			children = (
				84E29EBF185B39AF006853C8 /* AppKit.framework */,
				84E29EC0185B39AF006853C8 /* CoreData.framework */,
				84E29EC1185B39AF006853C8 /* Foundation.framework */,
			);
			name = "Other Frameworks";
			sourceTree = "<group>";
		};
		84E29EC2185B39AF006853C8 /* ListenBooks */ = {
			isa = PBXGroup;
			children = (
				84E29EF3185B3BFB006853C8 /* ListenBooks.entitlements */,
				84E29ECE185B39AF006853C8 /* AppDelegate.h */,
				84E29ECF185B39AF006853C8 /* AppDelegate.m */,
				84E29ED1185B39AF006853C8 /* MainMenu.xib */,
				84E29ED7185B39AF006853C8 /* Images.xcassets */,
				84E29ED4185B39AF006853C8 /* ListenBooks.xcdatamodeld */,
				84E29EC3185B39AF006853C8 /* Supporting Files */,
			);
			path = ListenBooks;
			sourceTree = "<group>";
		};
		84E29EC3185B39AF006853C8 /* Supporting Files */ = {
			isa = PBXGroup;
			children = (
				84E29EC4185B39AF006853C8 /* ListenBooks-Info.plist */,
				84E29EC5185B39AF006853C8 /* InfoPlist.strings */,
				84E29EC8185B39AF006853C8 /* main.m */,
				84E29ECA185B39AF006853C8 /* ListenBooks-Prefix.pch */,
				84E29ECB185B39AF006853C8 /* Credits.rtf */,
			);
			name = "Supporting Files";
			sourceTree = "<group>";
		};
		84E29EE3185B39AF006853C8 /* ListenBooksTests */ = {
			isa = PBXGroup;
			children = (
				84E29EE9185B39AF006853C8 /* ListenBooksTests.m */,
				84E29EE4185B39AF006853C8 /* Supporting Files */,
			);
			path = ListenBooksTests;
			sourceTree = "<group>";
		};
		84E29EE4185B39AF006853C8 /* Supporting Files */ = {
			isa = PBXGroup;
			children = (
				84E29EE5185B39AF006853C8 /* ListenBooksTests-Info.plist */,
				84E29EE6185B39AF006853C8 /* InfoPlist.strings */,
			);
			name = "Supporting Files";
			sourceTree = "<group>";
		};
		84E29EF7185B5BAF006853C8 /* Vendor */ = {
			isa = PBXGroup;
			children = (
				84E29F23185B6175006853C8 /* SSZipArchive */,
				84E29F0E185B5DD7006853C8 /* KissXML */,
				84E29EF8185B5BCE006853C8 /* KFEpubKit */,
			);
			name = Vendor;
			sourceTree = "<group>";
		};
		84E29EF8185B5BCE006853C8 /* KFEpubKit */ = {
			isa = PBXGroup;
			children = (
				84E29EF9185B5BCE006853C8 /* KFEpubConstants.h */,
				84E29EFA185B5BCE006853C8 /* KFEpubConstants.m */,
				84E29EFB185B5BCE006853C8 /* KFEpubContentModel.h */,
				84E29EFC185B5BCE006853C8 /* KFEpubContentModel.m */,
				84E29EFD185B5BCE006853C8 /* KFEpubController.h */,
				84E29EFE185B5BCE006853C8 /* KFEpubController.m */,
				84E29EFF185B5BCE006853C8 /* KFEpubExtractor.h */,
				84E29F00185B5BCE006853C8 /* KFEpubExtractor.m */,
				84E29F01185B5BCE006853C8 /* KFEpubKit.h */,
				84E29F02185B5BCE006853C8 /* KFEpubKit.m */,
				84E29F03185B5BCE006853C8 /* KFEpubParser.h */,
				84E29F04185B5BCE006853C8 /* KFEpubParser.m */,
			);
			name = KFEpubKit;
			path = Vendor/KFEpubKit/KFEpubKit/Sources;
			sourceTree = "<group>";
		};
		84E29F0B185B5BDE006853C8 /* Resources */ = {
			isa = PBXGroup;
			children = (
				84E29F39185B6CD5006853C8 /* invalid-manifest.opf */,
				84E29F3A185B6CD5006853C8 /* invalid-toc.opf */,
				84E29F3B185B6CD5006853C8 /* tolstoy-war-and-peace.epub */,
				84E29F3C185B6CD5006853C8 /* valid-comments.opf */,
				84E29F3D185B6CD5006853C8 /* valid.opf */,
				84E29F3E185B6CD5006853C8 /* Winnie-the-Pooh.epub */,
				84E29F0C185B5BF1006853C8 /* tolstoy-war-and-peace.epub */,
			);
			name = Resources;
			sourceTree = "<group>";
		};
		84E29F0E185B5DD7006853C8 /* KissXML */ = {
			isa = PBXGroup;
			children = (
				84E29F0F185B5DD7006853C8 /* Additions */,
				84E29F12185B5DD7006853C8 /* Categories */,
				84E29F15185B5DD7006853C8 /* DDXML.h */,
				84E29F16185B5DD7006853C8 /* DDXMLDocument.h */,
				84E29F17185B5DD7006853C8 /* DDXMLDocument.m */,
				84E29F18185B5DD7006853C8 /* DDXMLElement.h */,
				84E29F19185B5DD7006853C8 /* DDXMLElement.m */,
				84E29F1A185B5DD7006853C8 /* DDXMLNode.h */,
				84E29F1B185B5DD7006853C8 /* DDXMLNode.m */,
				84E29F1C185B5DD7006853C8 /* Private */,
			);
			name = KissXML;
			path = Vendor/KissXML/KissXML;
			sourceTree = "<group>";
		};
		84E29F0F185B5DD7006853C8 /* Additions */ = {
			isa = PBXGroup;
			children = (
				84E29F10185B5DD7006853C8 /* DDXMLElementAdditions.h */,
				84E29F11185B5DD7006853C8 /* DDXMLElementAdditions.m */,
			);
			path = Additions;
			sourceTree = "<group>";
		};
		84E29F12185B5DD7006853C8 /* Categories */ = {
			isa = PBXGroup;
			children = (
				84E29F13185B5DD7006853C8 /* NSString+DDXML.h */,
				84E29F14185B5DD7006853C8 /* NSString+DDXML.m */,
			);
			path = Categories;
			sourceTree = "<group>";
		};
		84E29F1C185B5DD7006853C8 /* Private */ = {
			isa = PBXGroup;
			children = (
				84E29F1D185B5DD7006853C8 /* DDXMLPrivate.h */,
			);
			path = Private;
			sourceTree = "<group>";
		};
		84E29F23185B6175006853C8 /* SSZipArchive */ = {
			isa = PBXGroup;
			children = (
				84E29F24185B6175006853C8 /* minizip */,
				84E29F2E185B6175006853C8 /* SSZipArchive.h */,
				84E29F2F185B6175006853C8 /* SSZipArchive.m */,
			);
			name = SSZipArchive;
			path = Vendor/ssziparchive/SSZipArchive;
			sourceTree = "<group>";
		};
		84E29F24185B6175006853C8 /* minizip */ = {
			isa = PBXGroup;
			children = (
				84E29F25185B6175006853C8 /* crypt.h */,
				84E29F26185B6175006853C8 /* ioapi.c */,
				84E29F27185B6175006853C8 /* ioapi.h */,
				84E29F28185B6175006853C8 /* mztools.c */,
				84E29F29185B6175006853C8 /* mztools.h */,
				84E29F2A185B6175006853C8 /* unzip.c */,
				84E29F2B185B6175006853C8 /* unzip.h */,
				84E29F2C185B6175006853C8 /* zip.c */,
				84E29F2D185B6175006853C8 /* zip.h */,
			);
			path = minizip;
			sourceTree = "<group>";
		};
/* End PBXGroup section */

/* Begin PBXNativeTarget section */
		84E29EB8185B39AF006853C8 /* ListenBooks */ = {
			isa = PBXNativeTarget;
			buildConfigurationList = 84E29EED185B39AF006853C8 /* Build configuration list for PBXNativeTarget "ListenBooks" */;
			buildPhases = (
				84E29EB5185B39AF006853C8 /* Sources */,
				84E29EB6185B39AF006853C8 /* Frameworks */,
				84E29EB7185B39AF006853C8 /* Resources */,
			);
			buildRules = (
			);
			dependencies = (
			);
			name = ListenBooks;
			productName = ListenBooks;
			productReference = 84E29EB9185B39AF006853C8 /* ListenBooks.app */;
			productType = "com.apple.product-type.application";
		};
		84E29EDC185B39AF006853C8 /* ListenBooksTests */ = {
			isa = PBXNativeTarget;
			buildConfigurationList = 84E29EF0185B39AF006853C8 /* Build configuration list for PBXNativeTarget "ListenBooksTests" */;
			buildPhases = (
				84E29ED9185B39AF006853C8 /* Sources */,
				84E29EDA185B39AF006853C8 /* Frameworks */,
				84E29EDB185B39AF006853C8 /* Resources */,
			);
			buildRules = (
			);
			dependencies = (
				84E29EE2185B39AF006853C8 /* PBXTargetDependency */,
			);
			name = ListenBooksTests;
			productName = ListenBooksTests;
			productReference = 84E29EDD185B39AF006853C8 /* ListenBooksTests.xctest */;
			productType = "com.apple.product-type.bundle.unit-test";
		};
/* End PBXNativeTarget section */

/* Begin PBXProject section */
		84E29EB1185B39AF006853C8 /* Project object */ = {
			isa = PBXProject;
			attributes = {
				LastUpgradeCheck = 0500;
				ORGANIZATIONNAME = "IC Servis";
				TargetAttributes = {
					84E29EB8185B39AF006853C8 = {
						DevelopmentTeam = 499QMERYRP;
						SystemCapabilities = {
							com.apple.Sandbox = {
								enabled = 1;
							};
						};
					};
					84E29EDC185B39AF006853C8 = {
						TestTargetID = 84E29EB8185B39AF006853C8;
					};
				};
			};
			buildConfigurationList = 84E29EB4185B39AF006853C8 /* Build configuration list for PBXProject "ListenBooks" */;
			compatibilityVersion = "Xcode 3.2";
			developmentRegion = English;
			hasScannedForEncodings = 0;
			knownRegions = (
				en,
				Base,
			);
			mainGroup = 84E29EB0185B39AF006853C8;
			productRefGroup = 84E29EBA185B39AF006853C8 /* Products */;
			projectDirPath = "";
			projectRoot = "";
			targets = (
				84E29EB8185B39AF006853C8 /* ListenBooks */,
				84E29EDC185B39AF006853C8 /* ListenBooksTests */,
			);
		};
/* End PBXProject section */

/* Begin PBXResourcesBuildPhase section */
		84E29EB7185B39AF006853C8 /* Resources */ = {
			isa = PBXResourcesBuildPhase;
			buildActionMask = 2147483647;
			files = (
				84E29EC7185B39AF006853C8 /* InfoPlist.strings in Resources */,
				84E29ED8185B39AF006853C8 /* Images.xcassets in Resources */,
				84E29F43185B6CD5006853C8 /* valid.opf in Resources */,
				84E29F40185B6CD5006853C8 /* invalid-toc.opf in Resources */,
				84E29ECD185B39AF006853C8 /* Credits.rtf in Resources */,
				84E29F41185B6CD5006853C8 /* tolstoy-war-and-peace.epub in Resources */,
				84E29ED3185B39AF006853C8 /* MainMenu.xib in Resources */,
				84E29F3F185B6CD5006853C8 /* invalid-manifest.opf in Resources */,
				84E29F0D185B5BF1006853C8 /* tolstoy-war-and-peace.epub in Resources */,
				84E29F42185B6CD5006853C8 /* valid-comments.opf in Resources */,
				84E29F44185B6CD5006853C8 /* Winnie-the-Pooh.epub in Resources */,
			);
			runOnlyForDeploymentPostprocessing = 0;
		};
		84E29EDB185B39AF006853C8 /* Resources */ = {
			isa = PBXResourcesBuildPhase;
			buildActionMask = 2147483647;
			files = (
				84E29EE8185B39AF006853C8 /* InfoPlist.strings in Resources */,
			);
			runOnlyForDeploymentPostprocessing = 0;
		};
/* End PBXResourcesBuildPhase section */

/* Begin PBXSourcesBuildPhase section */
		84E29EB5185B39AF006853C8 /* Sources */ = {
			isa = PBXSourcesBuildPhase;
			buildActionMask = 2147483647;
			files = (
				84E29F21185B5DD7006853C8 /* DDXMLElement.m in Sources */,
				84E29ED0185B39AF006853C8 /* AppDelegate.m in Sources */,
				84E29F31185B6175006853C8 /* mztools.c in Sources */,
				84E29F33185B6175006853C8 /* zip.c in Sources */,
				84E29F34185B6175006853C8 /* SSZipArchive.m in Sources */,
				84E29EC9185B39AF006853C8 /* main.m in Sources */,
				84E29F07185B5BCE006853C8 /* KFEpubController.m in Sources */,
				84E29F09185B5BCE006853C8 /* KFEpubKit.m in Sources */,
				84E29F1E185B5DD7006853C8 /* DDXMLElementAdditions.m in Sources */,
				84E29F06185B5BCE006853C8 /* KFEpubContentModel.m in Sources */,
				84E29F22185B5DD7006853C8 /* DDXMLNode.m in Sources */,
				84E29F05185B5BCE006853C8 /* KFEpubConstants.m in Sources */,
				84E29F30185B6175006853C8 /* ioapi.c in Sources */,
				84E29F32185B6175006853C8 /* unzip.c in Sources */,
				84E29F0A185B5BCE006853C8 /* KFEpubParser.m in Sources */,
				84E29F1F185B5DD7006853C8 /* NSString+DDXML.m in Sources */,
				84E29ED6185B39AF006853C8 /* ListenBooks.xcdatamodeld in Sources */,
				84E29F20185B5DD7006853C8 /* DDXMLDocument.m in Sources */,
				84E29F08185B5BCE006853C8 /* KFEpubExtractor.m in Sources */,
			);
			runOnlyForDeploymentPostprocessing = 0;
		};
		84E29ED9185B39AF006853C8 /* Sources */ = {
			isa = PBXSourcesBuildPhase;
			buildActionMask = 2147483647;
			files = (
				84E29EEA185B39AF006853C8 /* ListenBooksTests.m in Sources */,
			);
			runOnlyForDeploymentPostprocessing = 0;
		};
/* End PBXSourcesBuildPhase section */

/* Begin PBXTargetDependency section */
		84E29EE2185B39AF006853C8 /* PBXTargetDependency */ = {
			isa = PBXTargetDependency;
			target = 84E29EB8185B39AF006853C8 /* ListenBooks */;
			targetProxy = 84E29EE1185B39AF006853C8 /* PBXContainerItemProxy */;
		};
/* End PBXTargetDependency section */

/* Begin PBXVariantGroup section */
		84E29EC5185B39AF006853C8 /* InfoPlist.strings */ = {
			isa = PBXVariantGroup;
			children = (
				84E29EC6185B39AF006853C8 /* en */,
			);
			name = InfoPlist.strings;
			sourceTree = "<group>";
		};
		84E29ECB185B39AF006853C8 /* Credits.rtf */ = {
			isa = PBXVariantGroup;
			children = (
				84E29ECC185B39AF006853C8 /* en */,
			);
			name = Credits.rtf;
			sourceTree = "<group>";
		};
		84E29ED1185B39AF006853C8 /* MainMenu.xib */ = {
			isa = PBXVariantGroup;
			children = (
				84E29ED2185B39AF006853C8 /* Base */,
			);
			name = MainMenu.xib;
			sourceTree = "<group>";
		};
		84E29EE6185B39AF006853C8 /* InfoPlist.strings */ = {
			isa = PBXVariantGroup;
			children = (
				84E29EE7185B39AF006853C8 /* en */,
			);
			name = InfoPlist.strings;
			sourceTree = "<group>";
		};
/* End PBXVariantGroup section */

/* Begin XCBuildConfiguration section */
		84E29EEB185B39AF006853C8 /* Debug */ = {
			isa = XCBuildConfiguration;
			buildSettings = {
				ALWAYS_SEARCH_USER_PATHS = YES;
				CLANG_CXX_LANGUAGE_STANDARD = "gnu++0x";
				CLANG_CXX_LIBRARY = "libc++";
				CLANG_ENABLE_OBJC_ARC = YES;
				CLANG_WARN_BOOL_CONVERSION = YES;
				CLANG_WARN_CONSTANT_CONVERSION = YES;
				CLANG_WARN_DIRECT_OBJC_ISA_USAGE = YES_ERROR;
				CLANG_WARN_EMPTY_BODY = YES;
				CLANG_WARN_ENUM_CONVERSION = YES;
				CLANG_WARN_INT_CONVERSION = YES;
				CLANG_WARN_OBJC_ROOT_CLASS = YES_ERROR;
				CLANG_WARN__DUPLICATE_METHOD_MATCH = YES;
				COPY_PHASE_STRIP = NO;
				GCC_C_LANGUAGE_STANDARD = gnu99;
				GCC_DYNAMIC_NO_PIC = NO;
				GCC_ENABLE_OBJC_EXCEPTIONS = YES;
				GCC_OPTIMIZATION_LEVEL = 0;
				GCC_PREPROCESSOR_DEFINITIONS = (
					"DEBUG=1",
					"$(inherited)",
				);
				GCC_SYMBOLS_PRIVATE_EXTERN = NO;
				GCC_WARN_64_TO_32_BIT_CONVERSION = YES;
				GCC_WARN_ABOUT_RETURN_TYPE = YES_ERROR;
				GCC_WARN_UNDECLARED_SELECTOR = YES;
				GCC_WARN_UNINITIALIZED_AUTOS = YES;
				GCC_WARN_UNUSED_FUNCTION = YES;
				GCC_WARN_UNUSED_VARIABLE = YES;
				HEADER_SEARCH_PATHS = (
					"$(inherited)",
					/Applications/Xcode.app/Contents/Developer/Toolchains/XcodeDefault.xctoolchain/usr/include,
					/usr/include/libxml2,
					Vendor/KissXML,
				);
				MACOSX_DEPLOYMENT_TARGET = 10.9;
				ONLY_ACTIVE_ARCH = YES;
				OTHER_LDFLAGS = "-lxml2";
				SDKROOT = macosx;
			};
			name = Debug;
		};
		84E29EEC185B39AF006853C8 /* Release */ = {
			isa = XCBuildConfiguration;
			buildSettings = {
				ALWAYS_SEARCH_USER_PATHS = YES;
				CLANG_CXX_LANGUAGE_STANDARD = "gnu++0x";
				CLANG_CXX_LIBRARY = "libc++";
				CLANG_ENABLE_OBJC_ARC = YES;
				CLANG_WARN_BOOL_CONVERSION = YES;
				CLANG_WARN_CONSTANT_CONVERSION = YES;
				CLANG_WARN_DIRECT_OBJC_ISA_USAGE = YES_ERROR;
				CLANG_WARN_EMPTY_BODY = YES;
				CLANG_WARN_ENUM_CONVERSION = YES;
				CLANG_WARN_INT_CONVERSION = YES;
				CLANG_WARN_OBJC_ROOT_CLASS = YES_ERROR;
				CLANG_WARN__DUPLICATE_METHOD_MATCH = YES;
				COPY_PHASE_STRIP = YES;
				DEBUG_INFORMATION_FORMAT = "dwarf-with-dsym";
				ENABLE_NS_ASSERTIONS = NO;
				GCC_C_LANGUAGE_STANDARD = gnu99;
				GCC_ENABLE_OBJC_EXCEPTIONS = YES;
				GCC_WARN_64_TO_32_BIT_CONVERSION = YES;
				GCC_WARN_ABOUT_RETURN_TYPE = YES_ERROR;
				GCC_WARN_UNDECLARED_SELECTOR = YES;
				GCC_WARN_UNINITIALIZED_AUTOS = YES;
				GCC_WARN_UNUSED_FUNCTION = YES;
				GCC_WARN_UNUSED_VARIABLE = YES;
				HEADER_SEARCH_PATHS = (
					"$(inherited)",
					/Applications/Xcode.app/Contents/Developer/Toolchains/XcodeDefault.xctoolchain/usr/include,
					/usr/include/libxml2,
					Vendor/KissXML,
				);
				MACOSX_DEPLOYMENT_TARGET = 10.9;
				OTHER_LDFLAGS = "-lxml2";
				SDKROOT = macosx;
			};
			name = Release;
		};
		84E29EEE185B39AF006853C8 /* Debug */ = {
			isa = XCBuildConfiguration;
			buildSettings = {
				ASSETCATALOG_COMPILER_APPICON_NAME = AppIcon;
				CODE_SIGN_ENTITLEMENTS = ListenBooks/ListenBooks.entitlements;
				CODE_SIGN_IDENTITY = "Mac Developer";
				COMBINE_HIDPI_IMAGES = YES;
				GCC_PRECOMPILE_PREFIX_HEADER = YES;
				GCC_PREFIX_HEADER = "ListenBooks/ListenBooks-Prefix.pch";
				INFOPLIST_FILE = "ListenBooks/ListenBooks-Info.plist";
				PRODUCT_NAME = "$(TARGET_NAME)";
				WRAPPER_EXTENSION = app;
			};
			name = Debug;
		};
		84E29EEF185B39AF006853C8 /* Release */ = {
			isa = XCBuildConfiguration;
			buildSettings = {
				ASSETCATALOG_COMPILER_APPICON_NAME = AppIcon;
				CODE_SIGN_ENTITLEMENTS = ListenBooks/ListenBooks.entitlements;
				CODE_SIGN_IDENTITY = "Mac Developer";
				COMBINE_HIDPI_IMAGES = YES;
				GCC_PRECOMPILE_PREFIX_HEADER = YES;
				GCC_PREFIX_HEADER = "ListenBooks/ListenBooks-Prefix.pch";
				INFOPLIST_FILE = "ListenBooks/ListenBooks-Info.plist";
				PRODUCT_NAME = "$(TARGET_NAME)";
				WRAPPER_EXTENSION = app;
			};
			name = Release;
		};
		84E29EF1185B39AF006853C8 /* Debug */ = {
			isa = XCBuildConfiguration;
			buildSettings = {
				BUNDLE_LOADER = "$(BUILT_PRODUCTS_DIR)/ListenBooks.app/Contents/MacOS/ListenBooks";
				COMBINE_HIDPI_IMAGES = YES;
				FRAMEWORK_SEARCH_PATHS = (
					"$(DEVELOPER_FRAMEWORKS_DIR)",
					"$(inherited)",
				);
				GCC_PRECOMPILE_PREFIX_HEADER = YES;
				GCC_PREFIX_HEADER = "ListenBooks/ListenBooks-Prefix.pch";
				GCC_PREPROCESSOR_DEFINITIONS = (
					"DEBUG=1",
					"$(inherited)",
				);
				INFOPLIST_FILE = "ListenBooksTests/ListenBooksTests-Info.plist";
				PRODUCT_NAME = "$(TARGET_NAME)";
				TEST_HOST = "$(BUNDLE_LOADER)";
				WRAPPER_EXTENSION = xctest;
			};
			name = Debug;
		};
		84E29EF2185B39AF006853C8 /* Release */ = {
			isa = XCBuildConfiguration;
			buildSettings = {
				BUNDLE_LOADER = "$(BUILT_PRODUCTS_DIR)/ListenBooks.app/Contents/MacOS/ListenBooks";
				COMBINE_HIDPI_IMAGES = YES;
				FRAMEWORK_SEARCH_PATHS = (
					"$(DEVELOPER_FRAMEWORKS_DIR)",
					"$(inherited)",
				);
				GCC_PRECOMPILE_PREFIX_HEADER = YES;
				GCC_PREFIX_HEADER = "ListenBooks/ListenBooks-Prefix.pch";
				INFOPLIST_FILE = "ListenBooksTests/ListenBooksTests-Info.plist";
				PRODUCT_NAME = "$(TARGET_NAME)";
				TEST_HOST = "$(BUNDLE_LOADER)";
				WRAPPER_EXTENSION = xctest;
			};
			name = Release;
		};
/* End XCBuildConfiguration section */

/* Begin XCConfigurationList section */
		84E29EB4185B39AF006853C8 /* Build configuration list for PBXProject "ListenBooks" */ = {
			isa = XCConfigurationList;
			buildConfigurations = (
				84E29EEB185B39AF006853C8 /* Debug */,
				84E29EEC185B39AF006853C8 /* Release */,
			);
			defaultConfigurationIsVisible = 0;
			defaultConfigurationName = Release;
		};
		84E29EED185B39AF006853C8 /* Build configuration list for PBXNativeTarget "ListenBooks" */ = {
			isa = XCConfigurationList;
			buildConfigurations = (
				84E29EEE185B39AF006853C8 /* Debug */,
				84E29EEF185B39AF006853C8 /* Release */,
			);
			defaultConfigurationIsVisible = 0;
			defaultConfigurationName = Release;
		};
		84E29EF0185B39AF006853C8 /* Build configuration list for PBXNativeTarget "ListenBooksTests" */ = {
			isa = XCConfigurationList;
			buildConfigurations = (
				84E29EF1185B39AF006853C8 /* Debug */,
				84E29EF2185B39AF006853C8 /* Release */,
			);
			defaultConfigurationIsVisible = 0;
			defaultConfigurationName = Release;
		};
/* End XCConfigurationList section */

/* Begin XCVersionGroup section */
		84E29ED4185B39AF006853C8 /* ListenBooks.xcdatamodeld */ = {
			isa = XCVersionGroup;
			children = (
				84E29ED5185B39AF006853C8 /* ListenBooks.xcdatamodel */,
			);
			currentVersion = 84E29ED5185B39AF006853C8 /* ListenBooks.xcdatamodel */;
			path = ListenBooks.xcdatamodeld;
			sourceTree = "<group>";
			versionGroupType = wrapper.xcdatamodel;
		};
/* End XCVersionGroup section */
	};
	rootObject = 84E29EB1185B39AF006853C8 /* Project object */;
}
