// !$*UTF8*$!
{
	archiveVersion = 1;
	classes = {
	};
	objectVersion = 46;
	objects = {

/* Begin PBXBuildFile section */
		8444EA93185F83A400F90B48 /* KFToolbar.m in Sources */ = {isa = PBXBuildFile; fileRef = 8444EA90185F83A400F90B48 /* KFToolbar.m */; };
		8444EA94185F83A400F90B48 /* KFToolbarItem.m in Sources */ = {isa = PBXBuildFile; fileRef = 8444EA92185F83A400F90B48 /* KFToolbarItem.m */; };
		8444EAA2185F83D900F90B48 /* KFEpubConstants.m in Sources */ = {isa = PBXBuildFile; fileRef = 8444EA97185F83D900F90B48 /* KFEpubConstants.m */; };
		8444EAA3185F83D900F90B48 /* KFEpubContentModel.m in Sources */ = {isa = PBXBuildFile; fileRef = 8444EA99185F83D900F90B48 /* KFEpubContentModel.m */; };
		8444EAA4185F83D900F90B48 /* KFEpubController.m in Sources */ = {isa = PBXBuildFile; fileRef = 8444EA9B185F83D900F90B48 /* KFEpubController.m */; };
		8444EAA5185F83D900F90B48 /* KFEpubExtractor.m in Sources */ = {isa = PBXBuildFile; fileRef = 8444EA9D185F83D900F90B48 /* KFEpubExtractor.m */; };
		8444EAA6185F83D900F90B48 /* KFEpubKit.m in Sources */ = {isa = PBXBuildFile; fileRef = 8444EA9F185F83D900F90B48 /* KFEpubKit.m */; };
		8444EAA7185F83D900F90B48 /* KFEpubParser.m in Sources */ = {isa = PBXBuildFile; fileRef = 8444EAA1185F83D900F90B48 /* KFEpubParser.m */; };
		8444EAB5185F840800F90B48 /* ioapi.c in Sources */ = {isa = PBXBuildFile; fileRef = 8444EAAB185F840800F90B48 /* ioapi.c */; };
		8444EAB6185F840800F90B48 /* mztools.c in Sources */ = {isa = PBXBuildFile; fileRef = 8444EAAD185F840800F90B48 /* mztools.c */; };
		8444EAB7185F840800F90B48 /* unzip.c in Sources */ = {isa = PBXBuildFile; fileRef = 8444EAAF185F840800F90B48 /* unzip.c */; };
		8444EAB8185F840800F90B48 /* zip.c in Sources */ = {isa = PBXBuildFile; fileRef = 8444EAB1185F840800F90B48 /* zip.c */; };
		8444EAB9185F840800F90B48 /* SSZipArchive.m in Sources */ = {isa = PBXBuildFile; fileRef = 8444EAB4185F840800F90B48 /* SSZipArchive.m */; };
		8444EACA185F841700F90B48 /* DDXMLElementAdditions.m in Sources */ = {isa = PBXBuildFile; fileRef = 8444EABD185F841700F90B48 /* DDXMLElementAdditions.m */; };
		8444EACB185F841700F90B48 /* NSString+DDXML.m in Sources */ = {isa = PBXBuildFile; fileRef = 8444EAC0185F841700F90B48 /* NSString+DDXML.m */; };
		8444EACC185F841700F90B48 /* DDXMLDocument.m in Sources */ = {isa = PBXBuildFile; fileRef = 8444EAC3185F841700F90B48 /* DDXMLDocument.m */; };
		8444EACD185F841700F90B48 /* DDXMLElement.m in Sources */ = {isa = PBXBuildFile; fileRef = 8444EAC5185F841700F90B48 /* DDXMLElement.m */; };
		8444EACE185F841700F90B48 /* DDXMLNode.m in Sources */ = {isa = PBXBuildFile; fileRef = 8444EAC7185F841700F90B48 /* DDXMLNode.m */; };
		8444EAD0185F847500F90B48 /* libxml2.dylib in Frameworks */ = {isa = PBXBuildFile; fileRef = 8444EACF185F847500F90B48 /* libxml2.dylib */; };
		8444EAD2185F8D2300F90B48 /* libz.dylib in Frameworks */ = {isa = PBXBuildFile; fileRef = 8444EAD1185F8D2300F90B48 /* libz.dylib */; };
		8478C3E3185CA73F00B06779 /* Cocoa.framework in Frameworks */ = {isa = PBXBuildFile; fileRef = 8478C3E2185CA73F00B06779 /* Cocoa.framework */; };
		8478C3ED185CA73F00B06779 /* InfoPlist.strings in Resources */ = {isa = PBXBuildFile; fileRef = 8478C3EB185CA73F00B06779 /* InfoPlist.strings */; };
		8478C3EF185CA73F00B06779 /* main.m in Sources */ = {isa = PBXBuildFile; fileRef = 8478C3EE185CA73F00B06779 /* main.m */; };
		8478C3F3185CA73F00B06779 /* Credits.rtf in Resources */ = {isa = PBXBuildFile; fileRef = 8478C3F1185CA73F00B06779 /* Credits.rtf */; };
		8478C3F6185CA73F00B06779 /* AppDelegate.m in Sources */ = {isa = PBXBuildFile; fileRef = 8478C3F5185CA73F00B06779 /* AppDelegate.m */; };
		8478C3F9185CA73F00B06779 /* MainMenu.xib in Resources */ = {isa = PBXBuildFile; fileRef = 8478C3F7185CA73F00B06779 /* MainMenu.xib */; };
		8478C3FC185CA73F00B06779 /* ListenBooks.xcdatamodeld in Sources */ = {isa = PBXBuildFile; fileRef = 8478C3FA185CA73F00B06779 /* ListenBooks.xcdatamodeld */; };
		8478C3FE185CA73F00B06779 /* Images.xcassets in Resources */ = {isa = PBXBuildFile; fileRef = 8478C3FD185CA73F00B06779 /* Images.xcassets */; };
		8478C405185CA74000B06779 /* XCTest.framework in Frameworks */ = {isa = PBXBuildFile; fileRef = 8478C404185CA74000B06779 /* XCTest.framework */; };
		8478C406185CA74000B06779 /* Cocoa.framework in Frameworks */ = {isa = PBXBuildFile; fileRef = 8478C3E2185CA73F00B06779 /* Cocoa.framework */; };
		8478C40E185CA74000B06779 /* InfoPlist.strings in Resources */ = {isa = PBXBuildFile; fileRef = 8478C40C185CA74000B06779 /* InfoPlist.strings */; };
		8478C410185CA74000B06779 /* ListenBooksTests.m in Sources */ = {isa = PBXBuildFile; fileRef = 8478C40F185CA74000B06779 /* ListenBooksTests.m */; };
		8478C418185CA74000B06779 /* ListenBooksImporter.mdimporter in Resources */ = {isa = PBXBuildFile; fileRef = 8478C415185CA74000B06779 /* ListenBooksImporter.mdimporter */; };
		8478C41A185CA74000B06779 /* CoreServices.framework in Frameworks */ = {isa = PBXBuildFile; fileRef = 8478C419185CA74000B06779 /* CoreServices.framework */; };
		8478C41C185CA74000B06779 /* CoreFoundation.framework in Frameworks */ = {isa = PBXBuildFile; fileRef = 8478C41B185CA74000B06779 /* CoreFoundation.framework */; };
		8478C41E185CA74000B06779 /* CoreData.framework in Frameworks */ = {isa = PBXBuildFile; fileRef = 8478C41D185CA74000B06779 /* CoreData.framework */; };
		8478C420185CA74000B06779 /* Foundation.framework in Frameworks */ = {isa = PBXBuildFile; fileRef = 8478C41F185CA74000B06779 /* Foundation.framework */; };
		8478C426185CA74000B06779 /* InfoPlist.strings in Resources */ = {isa = PBXBuildFile; fileRef = 8478C424185CA74000B06779 /* InfoPlist.strings */; };
		8478C428185CA74000B06779 /* main.c in Sources */ = {isa = PBXBuildFile; fileRef = 8478C427185CA74000B06779 /* main.c */; };
		8478C42A185CA74000B06779 /* GetMetadataForFile.m in Sources */ = {isa = PBXBuildFile; fileRef = 8478C429185CA74000B06779 /* GetMetadataForFile.m */; };
		8478C42D185CA74000B06779 /* MySpotlightImporter.m in Sources */ = {isa = PBXBuildFile; fileRef = 8478C42C185CA74000B06779 /* MySpotlightImporter.m */; };
		84E27E791862465600317411 /* BookmarksView.m in Sources */ = {isa = PBXBuildFile; fileRef = 84E27E781862465600317411 /* BookmarksView.m */; };
		84E27E7C1862466F00317411 /* SourceView.m in Sources */ = {isa = PBXBuildFile; fileRef = 84E27E7B1862466F00317411 /* SourceView.m */; };
		84E27E8418624B6400317411 /* SourceController.m in Sources */ = {isa = PBXBuildFile; fileRef = 84E27E8318624B6400317411 /* SourceController.m */; };
		84E27E8A18624C2300317411 /* SourceTreeController.m in Sources */ = {isa = PBXBuildFile; fileRef = 84E27E8918624C2300317411 /* SourceTreeController.m */; };
		84E27E9018624C7300317411 /* BookmarksController.m in Sources */ = {isa = PBXBuildFile; fileRef = 84E27E8F18624C7300317411 /* BookmarksController.m */; };
		84E27E9318624C9A00317411 /* BookmarksArrayController.m in Sources */ = {isa = PBXBuildFile; fileRef = 84E27E9218624C9A00317411 /* BookmarksArrayController.m */; };
		84E27E9718624D6000317411 /* BookViewController.m in Sources */ = {isa = PBXBuildFile; fileRef = 84E27E9518624D6000317411 /* BookViewController.m */; };
		84E27E9818624D6000317411 /* BookViewController.xib in Resources */ = {isa = PBXBuildFile; fileRef = 84E27E9618624D6000317411 /* BookViewController.xib */; };
		84E27E9C18624D9A00317411 /* ListViewController.m in Sources */ = {isa = PBXBuildFile; fileRef = 84E27E9A18624D9A00317411 /* ListViewController.m */; };
		84E27E9D18624D9A00317411 /* ListViewController.xib in Resources */ = {isa = PBXBuildFile; fileRef = 84E27E9B18624D9A00317411 /* ListViewController.xib */; };
		84E27EA21863010800317411 /* ListCollectionView.m in Sources */ = {isa = PBXBuildFile; fileRef = 84E27EA11863010800317411 /* ListCollectionView.m */; };
		84E27EA51863013300317411 /* ListCollectionController.m in Sources */ = {isa = PBXBuildFile; fileRef = 84E27EA41863013300317411 /* ListCollectionController.m */; };
		84E27EE4186301FD00317411 /* ListCollectionViewItem.m in Sources */ = {isa = PBXBuildFile; fileRef = 84E27EE2186301FD00317411 /* ListCollectionViewItem.m */; };
		84E27EE5186301FD00317411 /* ListCollectionViewItem.xib in Resources */ = {isa = PBXBuildFile; fileRef = 84E27EE3186301FD00317411 /* ListCollectionViewItem.xib */; };
/* End PBXBuildFile section */

/* Begin PBXContainerItemProxy section */
		8478C407185CA74000B06779 /* PBXContainerItemProxy */ = {
			isa = PBXContainerItemProxy;
			containerPortal = 8478C3D7185CA73F00B06779 /* Project object */;
			proxyType = 1;
			remoteGlobalIDString = 8478C3DE185CA73F00B06779;
			remoteInfo = ListenBooks;
		};
		8478C416185CA74000B06779 /* PBXContainerItemProxy */ = {
			isa = PBXContainerItemProxy;
			containerPortal = 8478C3D7185CA73F00B06779 /* Project object */;
			proxyType = 1;
			remoteGlobalIDString = 8478C414185CA74000B06779;
			remoteInfo = ListenBooksImporter;
		};
/* End PBXContainerItemProxy section */

/* Begin PBXFileReference section */
		8444EA8F185F83A400F90B48 /* KFToolbar.h */ = {isa = PBXFileReference; fileEncoding = 4; lastKnownFileType = sourcecode.c.h; path = KFToolbar.h; sourceTree = "<group>"; };
		8444EA90185F83A400F90B48 /* KFToolbar.m */ = {isa = PBXFileReference; fileEncoding = 4; lastKnownFileType = sourcecode.c.objc; path = KFToolbar.m; sourceTree = "<group>"; };
		8444EA91185F83A400F90B48 /* KFToolbarItem.h */ = {isa = PBXFileReference; fileEncoding = 4; lastKnownFileType = sourcecode.c.h; path = KFToolbarItem.h; sourceTree = "<group>"; };
		8444EA92185F83A400F90B48 /* KFToolbarItem.m */ = {isa = PBXFileReference; fileEncoding = 4; lastKnownFileType = sourcecode.c.objc; path = KFToolbarItem.m; sourceTree = "<group>"; };
		8444EA96185F83D900F90B48 /* KFEpubConstants.h */ = {isa = PBXFileReference; fileEncoding = 4; lastKnownFileType = sourcecode.c.h; path = KFEpubConstants.h; sourceTree = "<group>"; };
		8444EA97185F83D900F90B48 /* KFEpubConstants.m */ = {isa = PBXFileReference; fileEncoding = 4; lastKnownFileType = sourcecode.c.objc; path = KFEpubConstants.m; sourceTree = "<group>"; };
		8444EA98185F83D900F90B48 /* KFEpubContentModel.h */ = {isa = PBXFileReference; fileEncoding = 4; lastKnownFileType = sourcecode.c.h; path = KFEpubContentModel.h; sourceTree = "<group>"; };
		8444EA99185F83D900F90B48 /* KFEpubContentModel.m */ = {isa = PBXFileReference; fileEncoding = 4; lastKnownFileType = sourcecode.c.objc; path = KFEpubContentModel.m; sourceTree = "<group>"; };
		8444EA9A185F83D900F90B48 /* KFEpubController.h */ = {isa = PBXFileReference; fileEncoding = 4; lastKnownFileType = sourcecode.c.h; path = KFEpubController.h; sourceTree = "<group>"; };
		8444EA9B185F83D900F90B48 /* KFEpubController.m */ = {isa = PBXFileReference; fileEncoding = 4; lastKnownFileType = sourcecode.c.objc; path = KFEpubController.m; sourceTree = "<group>"; };
		8444EA9C185F83D900F90B48 /* KFEpubExtractor.h */ = {isa = PBXFileReference; fileEncoding = 4; lastKnownFileType = sourcecode.c.h; path = KFEpubExtractor.h; sourceTree = "<group>"; };
		8444EA9D185F83D900F90B48 /* KFEpubExtractor.m */ = {isa = PBXFileReference; fileEncoding = 4; lastKnownFileType = sourcecode.c.objc; path = KFEpubExtractor.m; sourceTree = "<group>"; };
		8444EA9E185F83D900F90B48 /* KFEpubKit.h */ = {isa = PBXFileReference; fileEncoding = 4; lastKnownFileType = sourcecode.c.h; path = KFEpubKit.h; sourceTree = "<group>"; };
		8444EA9F185F83D900F90B48 /* KFEpubKit.m */ = {isa = PBXFileReference; fileEncoding = 4; lastKnownFileType = sourcecode.c.objc; path = KFEpubKit.m; sourceTree = "<group>"; };
		8444EAA0185F83D900F90B48 /* KFEpubParser.h */ = {isa = PBXFileReference; fileEncoding = 4; lastKnownFileType = sourcecode.c.h; path = KFEpubParser.h; sourceTree = "<group>"; };
		8444EAA1185F83D900F90B48 /* KFEpubParser.m */ = {isa = PBXFileReference; fileEncoding = 4; lastKnownFileType = sourcecode.c.objc; path = KFEpubParser.m; sourceTree = "<group>"; };
		8444EAAA185F840800F90B48 /* crypt.h */ = {isa = PBXFileReference; fileEncoding = 4; lastKnownFileType = sourcecode.c.h; path = crypt.h; sourceTree = "<group>"; };
		8444EAAB185F840800F90B48 /* ioapi.c */ = {isa = PBXFileReference; fileEncoding = 4; lastKnownFileType = sourcecode.c.c; path = ioapi.c; sourceTree = "<group>"; };
		8444EAAC185F840800F90B48 /* ioapi.h */ = {isa = PBXFileReference; fileEncoding = 4; lastKnownFileType = sourcecode.c.h; path = ioapi.h; sourceTree = "<group>"; };
		8444EAAD185F840800F90B48 /* mztools.c */ = {isa = PBXFileReference; fileEncoding = 4; lastKnownFileType = sourcecode.c.c; path = mztools.c; sourceTree = "<group>"; };
		8444EAAE185F840800F90B48 /* mztools.h */ = {isa = PBXFileReference; fileEncoding = 4; lastKnownFileType = sourcecode.c.h; path = mztools.h; sourceTree = "<group>"; };
		8444EAAF185F840800F90B48 /* unzip.c */ = {isa = PBXFileReference; fileEncoding = 4; lastKnownFileType = sourcecode.c.c; path = unzip.c; sourceTree = "<group>"; };
		8444EAB0185F840800F90B48 /* unzip.h */ = {isa = PBXFileReference; fileEncoding = 4; lastKnownFileType = sourcecode.c.h; path = unzip.h; sourceTree = "<group>"; };
		8444EAB1185F840800F90B48 /* zip.c */ = {isa = PBXFileReference; fileEncoding = 4; lastKnownFileType = sourcecode.c.c; path = zip.c; sourceTree = "<group>"; };
		8444EAB2185F840800F90B48 /* zip.h */ = {isa = PBXFileReference; fileEncoding = 4; lastKnownFileType = sourcecode.c.h; path = zip.h; sourceTree = "<group>"; };
		8444EAB3185F840800F90B48 /* SSZipArchive.h */ = {isa = PBXFileReference; fileEncoding = 4; lastKnownFileType = sourcecode.c.h; path = SSZipArchive.h; sourceTree = "<group>"; };
		8444EAB4185F840800F90B48 /* SSZipArchive.m */ = {isa = PBXFileReference; fileEncoding = 4; lastKnownFileType = sourcecode.c.objc; path = SSZipArchive.m; sourceTree = "<group>"; };
		8444EABC185F841700F90B48 /* DDXMLElementAdditions.h */ = {isa = PBXFileReference; fileEncoding = 4; lastKnownFileType = sourcecode.c.h; path = DDXMLElementAdditions.h; sourceTree = "<group>"; };
		8444EABD185F841700F90B48 /* DDXMLElementAdditions.m */ = {isa = PBXFileReference; fileEncoding = 4; lastKnownFileType = sourcecode.c.objc; path = DDXMLElementAdditions.m; sourceTree = "<group>"; };
		8444EABF185F841700F90B48 /* NSString+DDXML.h */ = {isa = PBXFileReference; fileEncoding = 4; lastKnownFileType = sourcecode.c.h; path = "NSString+DDXML.h"; sourceTree = "<group>"; };
		8444EAC0185F841700F90B48 /* NSString+DDXML.m */ = {isa = PBXFileReference; fileEncoding = 4; lastKnownFileType = sourcecode.c.objc; path = "NSString+DDXML.m"; sourceTree = "<group>"; };
		8444EAC1185F841700F90B48 /* DDXML.h */ = {isa = PBXFileReference; fileEncoding = 4; lastKnownFileType = sourcecode.c.h; path = DDXML.h; sourceTree = "<group>"; };
		8444EAC2185F841700F90B48 /* DDXMLDocument.h */ = {isa = PBXFileReference; fileEncoding = 4; lastKnownFileType = sourcecode.c.h; path = DDXMLDocument.h; sourceTree = "<group>"; };
		8444EAC3185F841700F90B48 /* DDXMLDocument.m */ = {isa = PBXFileReference; fileEncoding = 4; lastKnownFileType = sourcecode.c.objc; path = DDXMLDocument.m; sourceTree = "<group>"; };
		8444EAC4185F841700F90B48 /* DDXMLElement.h */ = {isa = PBXFileReference; fileEncoding = 4; lastKnownFileType = sourcecode.c.h; path = DDXMLElement.h; sourceTree = "<group>"; };
		8444EAC5185F841700F90B48 /* DDXMLElement.m */ = {isa = PBXFileReference; fileEncoding = 4; lastKnownFileType = sourcecode.c.objc; path = DDXMLElement.m; sourceTree = "<group>"; };
		8444EAC6185F841700F90B48 /* DDXMLNode.h */ = {isa = PBXFileReference; fileEncoding = 4; lastKnownFileType = sourcecode.c.h; path = DDXMLNode.h; sourceTree = "<group>"; };
		8444EAC7185F841700F90B48 /* DDXMLNode.m */ = {isa = PBXFileReference; fileEncoding = 4; lastKnownFileType = sourcecode.c.objc; path = DDXMLNode.m; sourceTree = "<group>"; };
		8444EAC9185F841700F90B48 /* DDXMLPrivate.h */ = {isa = PBXFileReference; fileEncoding = 4; lastKnownFileType = sourcecode.c.h; path = DDXMLPrivate.h; sourceTree = "<group>"; };
		8444EACF185F847500F90B48 /* libxml2.dylib */ = {isa = PBXFileReference; lastKnownFileType = "compiled.mach-o.dylib"; name = libxml2.dylib; path = usr/lib/libxml2.dylib; sourceTree = SDKROOT; };
		8444EAD1185F8D2300F90B48 /* libz.dylib */ = {isa = PBXFileReference; lastKnownFileType = "compiled.mach-o.dylib"; name = libz.dylib; path = usr/lib/libz.dylib; sourceTree = SDKROOT; };
		8478C3DF185CA73F00B06779 /* ListenBooks.app */ = {isa = PBXFileReference; explicitFileType = wrapper.application; includeInIndex = 0; path = ListenBooks.app; sourceTree = BUILT_PRODUCTS_DIR; };
		8478C3E2185CA73F00B06779 /* Cocoa.framework */ = {isa = PBXFileReference; lastKnownFileType = wrapper.framework; name = Cocoa.framework; path = System/Library/Frameworks/Cocoa.framework; sourceTree = SDKROOT; };
		8478C3E5185CA73F00B06779 /* AppKit.framework */ = {isa = PBXFileReference; lastKnownFileType = wrapper.framework; name = AppKit.framework; path = System/Library/Frameworks/AppKit.framework; sourceTree = SDKROOT; };
		8478C3E6185CA73F00B06779 /* CoreData.framework */ = {isa = PBXFileReference; lastKnownFileType = wrapper.framework; name = CoreData.framework; path = System/Library/Frameworks/CoreData.framework; sourceTree = SDKROOT; };
		8478C3E7185CA73F00B06779 /* Foundation.framework */ = {isa = PBXFileReference; lastKnownFileType = wrapper.framework; name = Foundation.framework; path = System/Library/Frameworks/Foundation.framework; sourceTree = SDKROOT; };
		8478C3EA185CA73F00B06779 /* ListenBooks-Info.plist */ = {isa = PBXFileReference; lastKnownFileType = text.plist.xml; path = "ListenBooks-Info.plist"; sourceTree = "<group>"; };
		8478C3EC185CA73F00B06779 /* en */ = {isa = PBXFileReference; lastKnownFileType = text.plist.strings; name = en; path = en.lproj/InfoPlist.strings; sourceTree = "<group>"; };
		8478C3EE185CA73F00B06779 /* main.m */ = {isa = PBXFileReference; lastKnownFileType = sourcecode.c.objc; path = main.m; sourceTree = "<group>"; };
		8478C3F0185CA73F00B06779 /* ListenBooks-Prefix.pch */ = {isa = PBXFileReference; lastKnownFileType = sourcecode.c.h; path = "ListenBooks-Prefix.pch"; sourceTree = "<group>"; };
		8478C3F2185CA73F00B06779 /* en */ = {isa = PBXFileReference; lastKnownFileType = text.rtf; name = en; path = en.lproj/Credits.rtf; sourceTree = "<group>"; };
		8478C3F4185CA73F00B06779 /* AppDelegate.h */ = {isa = PBXFileReference; lastKnownFileType = sourcecode.c.h; path = AppDelegate.h; sourceTree = "<group>"; };
		8478C3F5185CA73F00B06779 /* AppDelegate.m */ = {isa = PBXFileReference; lastKnownFileType = sourcecode.c.objc; path = AppDelegate.m; sourceTree = "<group>"; };
		8478C3F8185CA73F00B06779 /* Base */ = {isa = PBXFileReference; lastKnownFileType = file.xib; name = Base; path = Base.lproj/MainMenu.xib; sourceTree = "<group>"; };
		8478C3FB185CA73F00B06779 /* ListenBooks.xcdatamodel */ = {isa = PBXFileReference; lastKnownFileType = wrapper.xcdatamodel; path = ListenBooks.xcdatamodel; sourceTree = "<group>"; };
		8478C3FD185CA73F00B06779 /* Images.xcassets */ = {isa = PBXFileReference; lastKnownFileType = folder.assetcatalog; path = Images.xcassets; sourceTree = "<group>"; };
		8478C403185CA74000B06779 /* ListenBooksTests.xctest */ = {isa = PBXFileReference; explicitFileType = wrapper.cfbundle; includeInIndex = 0; path = ListenBooksTests.xctest; sourceTree = BUILT_PRODUCTS_DIR; };
		8478C404185CA74000B06779 /* XCTest.framework */ = {isa = PBXFileReference; lastKnownFileType = wrapper.framework; name = XCTest.framework; path = Library/Frameworks/XCTest.framework; sourceTree = DEVELOPER_DIR; };
		8478C40B185CA74000B06779 /* ListenBooksTests-Info.plist */ = {isa = PBXFileReference; lastKnownFileType = text.plist.xml; path = "ListenBooksTests-Info.plist"; sourceTree = "<group>"; };
		8478C40D185CA74000B06779 /* en */ = {isa = PBXFileReference; lastKnownFileType = text.plist.strings; name = en; path = en.lproj/InfoPlist.strings; sourceTree = "<group>"; };
		8478C40F185CA74000B06779 /* ListenBooksTests.m */ = {isa = PBXFileReference; lastKnownFileType = sourcecode.c.objc; path = ListenBooksTests.m; sourceTree = "<group>"; };
		8478C415185CA74000B06779 /* ListenBooksImporter.mdimporter */ = {isa = PBXFileReference; explicitFileType = wrapper.cfbundle; includeInIndex = 0; path = ListenBooksImporter.mdimporter; sourceTree = BUILT_PRODUCTS_DIR; };
		8478C419185CA74000B06779 /* CoreServices.framework */ = {isa = PBXFileReference; lastKnownFileType = wrapper.framework; name = CoreServices.framework; path = System/Library/Frameworks/CoreServices.framework; sourceTree = SDKROOT; };
		8478C41B185CA74000B06779 /* CoreFoundation.framework */ = {isa = PBXFileReference; lastKnownFileType = wrapper.framework; name = CoreFoundation.framework; path = System/Library/Frameworks/CoreFoundation.framework; sourceTree = SDKROOT; };
		8478C41D185CA74000B06779 /* CoreData.framework */ = {isa = PBXFileReference; lastKnownFileType = wrapper.framework; name = CoreData.framework; path = System/Library/Frameworks/CoreData.framework; sourceTree = SDKROOT; };
		8478C41F185CA74000B06779 /* Foundation.framework */ = {isa = PBXFileReference; lastKnownFileType = wrapper.framework; name = Foundation.framework; path = System/Library/Frameworks/Foundation.framework; sourceTree = SDKROOT; };
		8478C423185CA74000B06779 /* ListenBooksImporter-Info.plist */ = {isa = PBXFileReference; lastKnownFileType = text.plist.xml; path = "ListenBooksImporter-Info.plist"; sourceTree = "<group>"; };
		8478C425185CA74000B06779 /* en */ = {isa = PBXFileReference; lastKnownFileType = text.plist.strings; name = en; path = en.lproj/InfoPlist.strings; sourceTree = "<group>"; };
		8478C427185CA74000B06779 /* main.c */ = {isa = PBXFileReference; lastKnownFileType = sourcecode.c.c; path = main.c; sourceTree = "<group>"; };
		8478C429185CA74000B06779 /* GetMetadataForFile.m */ = {isa = PBXFileReference; lastKnownFileType = sourcecode.c.objc; path = GetMetadataForFile.m; sourceTree = "<group>"; };
		8478C42B185CA74000B06779 /* MySpotlightImporter.h */ = {isa = PBXFileReference; lastKnownFileType = sourcecode.c.h; path = MySpotlightImporter.h; sourceTree = "<group>"; };
		8478C42C185CA74000B06779 /* MySpotlightImporter.m */ = {isa = PBXFileReference; lastKnownFileType = sourcecode.c.objc; path = MySpotlightImporter.m; sourceTree = "<group>"; };
		8478C42E185CA74000B06779 /* Importer Read Me.txt */ = {isa = PBXFileReference; lastKnownFileType = text; path = "Importer Read Me.txt"; sourceTree = "<group>"; };
		8478C42F185CA74000B06779 /* ListenBooksImporter-Prefix.pch */ = {isa = PBXFileReference; lastKnownFileType = sourcecode.c.h; path = "ListenBooksImporter-Prefix.pch"; sourceTree = "<group>"; };
		8478C43B185CA80200B06779 /* ListenBooks.entitlements */ = {isa = PBXFileReference; lastKnownFileType = text.xml; path = ListenBooks.entitlements; sourceTree = "<group>"; };
		84E27E771862465600317411 /* BookmarksView.h */ = {isa = PBXFileReference; fileEncoding = 4; lastKnownFileType = sourcecode.c.h; path = BookmarksView.h; sourceTree = "<group>"; };
		84E27E781862465600317411 /* BookmarksView.m */ = {isa = PBXFileReference; fileEncoding = 4; lastKnownFileType = sourcecode.c.objc; path = BookmarksView.m; sourceTree = "<group>"; };
		84E27E7A1862466F00317411 /* SourceView.h */ = {isa = PBXFileReference; fileEncoding = 4; lastKnownFileType = sourcecode.c.h; path = SourceView.h; sourceTree = "<group>"; };
		84E27E7B1862466F00317411 /* SourceView.m */ = {isa = PBXFileReference; fileEncoding = 4; lastKnownFileType = sourcecode.c.objc; path = SourceView.m; sourceTree = "<group>"; };
		84E27E8218624B6400317411 /* SourceController.h */ = {isa = PBXFileReference; fileEncoding = 4; lastKnownFileType = sourcecode.c.h; path = SourceController.h; sourceTree = "<group>"; };
		84E27E8318624B6400317411 /* SourceController.m */ = {isa = PBXFileReference; fileEncoding = 4; lastKnownFileType = sourcecode.c.objc; path = SourceController.m; sourceTree = "<group>"; };
		84E27E8818624C2300317411 /* SourceTreeController.h */ = {isa = PBXFileReference; fileEncoding = 4; lastKnownFileType = sourcecode.c.h; path = SourceTreeController.h; sourceTree = "<group>"; };
		84E27E8918624C2300317411 /* SourceTreeController.m */ = {isa = PBXFileReference; fileEncoding = 4; lastKnownFileType = sourcecode.c.objc; path = SourceTreeController.m; sourceTree = "<group>"; };
		84E27E8E18624C7300317411 /* BookmarksController.h */ = {isa = PBXFileReference; fileEncoding = 4; lastKnownFileType = sourcecode.c.h; path = BookmarksController.h; sourceTree = "<group>"; };
		84E27E8F18624C7300317411 /* BookmarksController.m */ = {isa = PBXFileReference; fileEncoding = 4; lastKnownFileType = sourcecode.c.objc; path = BookmarksController.m; sourceTree = "<group>"; };
		84E27E9118624C9A00317411 /* BookmarksArrayController.h */ = {isa = PBXFileReference; fileEncoding = 4; lastKnownFileType = sourcecode.c.h; path = BookmarksArrayController.h; sourceTree = "<group>"; };
		84E27E9218624C9A00317411 /* BookmarksArrayController.m */ = {isa = PBXFileReference; fileEncoding = 4; lastKnownFileType = sourcecode.c.objc; path = BookmarksArrayController.m; sourceTree = "<group>"; };
		84E27E9418624D6000317411 /* BookViewController.h */ = {isa = PBXFileReference; fileEncoding = 4; lastKnownFileType = sourcecode.c.h; path = BookViewController.h; sourceTree = "<group>"; };
		84E27E9518624D6000317411 /* BookViewController.m */ = {isa = PBXFileReference; fileEncoding = 4; lastKnownFileType = sourcecode.c.objc; path = BookViewController.m; sourceTree = "<group>"; };
		84E27E9618624D6000317411 /* BookViewController.xib */ = {isa = PBXFileReference; fileEncoding = 4; lastKnownFileType = file.xib; path = BookViewController.xib; sourceTree = "<group>"; };
		84E27E9918624D9A00317411 /* ListViewController.h */ = {isa = PBXFileReference; fileEncoding = 4; lastKnownFileType = sourcecode.c.h; path = ListViewController.h; sourceTree = "<group>"; };
		84E27E9A18624D9A00317411 /* ListViewController.m */ = {isa = PBXFileReference; fileEncoding = 4; lastKnownFileType = sourcecode.c.objc; path = ListViewController.m; sourceTree = "<group>"; };
		84E27E9B18624D9A00317411 /* ListViewController.xib */ = {isa = PBXFileReference; fileEncoding = 4; lastKnownFileType = file.xib; path = ListViewController.xib; sourceTree = "<group>"; };
		84E27EA01863010800317411 /* ListCollectionView.h */ = {isa = PBXFileReference; fileEncoding = 4; lastKnownFileType = sourcecode.c.h; path = ListCollectionView.h; sourceTree = "<group>"; };
		84E27EA11863010800317411 /* ListCollectionView.m */ = {isa = PBXFileReference; fileEncoding = 4; lastKnownFileType = sourcecode.c.objc; path = ListCollectionView.m; sourceTree = "<group>"; };
		84E27EA31863013300317411 /* ListCollectionController.h */ = {isa = PBXFileReference; fileEncoding = 4; lastKnownFileType = sourcecode.c.h; path = ListCollectionController.h; sourceTree = "<group>"; };
		84E27EA41863013300317411 /* ListCollectionController.m */ = {isa = PBXFileReference; fileEncoding = 4; lastKnownFileType = sourcecode.c.objc; path = ListCollectionController.m; sourceTree = "<group>"; };
		84E27EE1186301FD00317411 /* ListCollectionViewItem.h */ = {isa = PBXFileReference; fileEncoding = 4; lastKnownFileType = sourcecode.c.h; path = ListCollectionViewItem.h; sourceTree = "<group>"; };
		84E27EE2186301FD00317411 /* ListCollectionViewItem.m */ = {isa = PBXFileReference; fileEncoding = 4; lastKnownFileType = sourcecode.c.objc; path = ListCollectionViewItem.m; sourceTree = "<group>"; };
		84E27EE3186301FD00317411 /* ListCollectionViewItem.xib */ = {isa = PBXFileReference; fileEncoding = 4; lastKnownFileType = file.xib; path = ListCollectionViewItem.xib; sourceTree = "<group>"; };
/* End PBXFileReference section */

/* Begin PBXFrameworksBuildPhase section */
		8478C3DC185CA73F00B06779 /* Frameworks */ = {
			isa = PBXFrameworksBuildPhase;
			buildActionMask = 2147483647;
			files = (
				8444EAD2185F8D2300F90B48 /* libz.dylib in Frameworks */,
				8444EAD0185F847500F90B48 /* libxml2.dylib in Frameworks */,
				8478C3E3185CA73F00B06779 /* Cocoa.framework in Frameworks */,
			);
			runOnlyForDeploymentPostprocessing = 0;
		};
		8478C400185CA74000B06779 /* Frameworks */ = {
			isa = PBXFrameworksBuildPhase;
			buildActionMask = 2147483647;
			files = (
				8478C406185CA74000B06779 /* Cocoa.framework in Frameworks */,
				8478C405185CA74000B06779 /* XCTest.framework in Frameworks */,
			);
			runOnlyForDeploymentPostprocessing = 0;
		};
		8478C412185CA74000B06779 /* Frameworks */ = {
			isa = PBXFrameworksBuildPhase;
			buildActionMask = 2147483647;
			files = (
				8478C41C185CA74000B06779 /* CoreFoundation.framework in Frameworks */,
				8478C41E185CA74000B06779 /* CoreData.framework in Frameworks */,
				8478C41A185CA74000B06779 /* CoreServices.framework in Frameworks */,
				8478C420185CA74000B06779 /* Foundation.framework in Frameworks */,
			);
			runOnlyForDeploymentPostprocessing = 0;
		};
/* End PBXFrameworksBuildPhase section */

/* Begin PBXGroup section */
		8444EA8D185F838100F90B48 /* Vendor */ = {
			isa = PBXGroup;
			children = (
				8444EABA185F841700F90B48 /* KissXML */,
				8444EAA8185F840800F90B48 /* SSZipArchive */,
				8444EA95185F83D900F90B48 /* KFEpubParser */,
				8444EA8E185F83A400F90B48 /* KFToolBar */,
			);
			name = Vendor;
			sourceTree = "<group>";
		};
		8444EA8E185F83A400F90B48 /* KFToolBar */ = {
			isa = PBXGroup;
			children = (
				8444EA8F185F83A400F90B48 /* KFToolbar.h */,
				8444EA90185F83A400F90B48 /* KFToolbar.m */,
				8444EA91185F83A400F90B48 /* KFToolbarItem.h */,
				8444EA92185F83A400F90B48 /* KFToolbarItem.m */,
			);
			name = KFToolBar;
			path = Vendor/KFToolbar/KFToolbar/Sources;
			sourceTree = "<group>";
		};
		8444EA95185F83D900F90B48 /* KFEpubParser */ = {
			isa = PBXGroup;
			children = (
				8444EA96185F83D900F90B48 /* KFEpubConstants.h */,
				8444EA97185F83D900F90B48 /* KFEpubConstants.m */,
				8444EA98185F83D900F90B48 /* KFEpubContentModel.h */,
				8444EA99185F83D900F90B48 /* KFEpubContentModel.m */,
				8444EA9A185F83D900F90B48 /* KFEpubController.h */,
				8444EA9B185F83D900F90B48 /* KFEpubController.m */,
				8444EA9C185F83D900F90B48 /* KFEpubExtractor.h */,
				8444EA9D185F83D900F90B48 /* KFEpubExtractor.m */,
				8444EA9E185F83D900F90B48 /* KFEpubKit.h */,
				8444EA9F185F83D900F90B48 /* KFEpubKit.m */,
				8444EAA0185F83D900F90B48 /* KFEpubParser.h */,
				8444EAA1185F83D900F90B48 /* KFEpubParser.m */,
			);
			name = KFEpubParser;
			path = Vendor/KFEpubKit/KFEpubKit/Sources;
			sourceTree = "<group>";
		};
		8444EAA8185F840800F90B48 /* SSZipArchive */ = {
			isa = PBXGroup;
			children = (
				8444EAA9185F840800F90B48 /* minizip */,
				8444EAB3185F840800F90B48 /* SSZipArchive.h */,
				8444EAB4185F840800F90B48 /* SSZipArchive.m */,
			);
			name = SSZipArchive;
			path = Vendor/ssziparchive/SSZipArchive;
			sourceTree = "<group>";
		};
		8444EAA9185F840800F90B48 /* minizip */ = {
			isa = PBXGroup;
			children = (
				8444EAAA185F840800F90B48 /* crypt.h */,
				8444EAAB185F840800F90B48 /* ioapi.c */,
				8444EAAC185F840800F90B48 /* ioapi.h */,
				8444EAAD185F840800F90B48 /* mztools.c */,
				8444EAAE185F840800F90B48 /* mztools.h */,
				8444EAAF185F840800F90B48 /* unzip.c */,
				8444EAB0185F840800F90B48 /* unzip.h */,
				8444EAB1185F840800F90B48 /* zip.c */,
				8444EAB2185F840800F90B48 /* zip.h */,
			);
			path = minizip;
			sourceTree = "<group>";
		};
		8444EABA185F841700F90B48 /* KissXML */ = {
			isa = PBXGroup;
			children = (
				8444EABB185F841700F90B48 /* Additions */,
				8444EABE185F841700F90B48 /* Categories */,
				8444EAC1185F841700F90B48 /* DDXML.h */,
				8444EAC2185F841700F90B48 /* DDXMLDocument.h */,
				8444EAC3185F841700F90B48 /* DDXMLDocument.m */,
				8444EAC4185F841700F90B48 /* DDXMLElement.h */,
				8444EAC5185F841700F90B48 /* DDXMLElement.m */,
				8444EAC6185F841700F90B48 /* DDXMLNode.h */,
				8444EAC7185F841700F90B48 /* DDXMLNode.m */,
				8444EAC8185F841700F90B48 /* Private */,
			);
			name = KissXML;
			path = Vendor/KissXML/KissXML;
			sourceTree = "<group>";
		};
		8444EABB185F841700F90B48 /* Additions */ = {
			isa = PBXGroup;
			children = (
				8444EABC185F841700F90B48 /* DDXMLElementAdditions.h */,
				8444EABD185F841700F90B48 /* DDXMLElementAdditions.m */,
			);
			path = Additions;
			sourceTree = "<group>";
		};
		8444EABE185F841700F90B48 /* Categories */ = {
			isa = PBXGroup;
			children = (
				8444EABF185F841700F90B48 /* NSString+DDXML.h */,
				8444EAC0185F841700F90B48 /* NSString+DDXML.m */,
			);
			path = Categories;
			sourceTree = "<group>";
		};
		8444EAC8185F841700F90B48 /* Private */ = {
			isa = PBXGroup;
			children = (
				8444EAC9185F841700F90B48 /* DDXMLPrivate.h */,
			);
			path = Private;
			sourceTree = "<group>";
		};
		8478C3D6185CA73F00B06779 = {
			isa = PBXGroup;
			children = (
				8478C3E8185CA73F00B06779 /* ListenBooks */,
				8478C409185CA74000B06779 /* ListenBooksTests */,
				8478C421185CA74000B06779 /* ListenBooksImporter */,
				8478C3E1185CA73F00B06779 /* Frameworks */,
				8444EA8D185F838100F90B48 /* Vendor */,
				8478C3E0185CA73F00B06779 /* Products */,
			);
			sourceTree = "<group>";
		};
		8478C3E0185CA73F00B06779 /* Products */ = {
			isa = PBXGroup;
			children = (
				8478C3DF185CA73F00B06779 /* ListenBooks.app */,
				8478C403185CA74000B06779 /* ListenBooksTests.xctest */,
				8478C415185CA74000B06779 /* ListenBooksImporter.mdimporter */,
			);
			name = Products;
			sourceTree = "<group>";
		};
		8478C3E1185CA73F00B06779 /* Frameworks */ = {
			isa = PBXGroup;
			children = (
				8444EAD1185F8D2300F90B48 /* libz.dylib */,
				8444EACF185F847500F90B48 /* libxml2.dylib */,
				8478C3E2185CA73F00B06779 /* Cocoa.framework */,
				8478C404185CA74000B06779 /* XCTest.framework */,
				8478C419185CA74000B06779 /* CoreServices.framework */,
				8478C41B185CA74000B06779 /* CoreFoundation.framework */,
				8478C41D185CA74000B06779 /* CoreData.framework */,
				8478C41F185CA74000B06779 /* Foundation.framework */,
				8478C3E4185CA73F00B06779 /* Other Frameworks */,
			);
			name = Frameworks;
			sourceTree = "<group>";
		};
		8478C3E4185CA73F00B06779 /* Other Frameworks */ = {
			isa = PBXGroup;
			children = (
				8478C3E5185CA73F00B06779 /* AppKit.framework */,
				8478C3E6185CA73F00B06779 /* CoreData.framework */,
				8478C3E7185CA73F00B06779 /* Foundation.framework */,
			);
			name = "Other Frameworks";
			sourceTree = "<group>";
		};
		8478C3E8185CA73F00B06779 /* ListenBooks */ = {
			isa = PBXGroup;
			children = (
				84E27E80186249F200317411 /* Application */,
				84E27E7E186249DA00317411 /* Models */,
				84E27E7D186249D100317411 /* Views */,
				84E27E8118624B3800317411 /* Conrollers */,
				84E27E7F186249E400317411 /* Resources */,
				8478C3E9185CA73F00B06779 /* Supporting Files */,
			);
			path = ListenBooks;
			sourceTree = "<group>";
		};
		8478C3E9185CA73F00B06779 /* Supporting Files */ = {
			isa = PBXGroup;
			children = (
				8478C3EA185CA73F00B06779 /* ListenBooks-Info.plist */,
				8478C3EB185CA73F00B06779 /* InfoPlist.strings */,
				8478C3EE185CA73F00B06779 /* main.m */,
				8478C3F0185CA73F00B06779 /* ListenBooks-Prefix.pch */,
				8478C3F1185CA73F00B06779 /* Credits.rtf */,
			);
			name = "Supporting Files";
			sourceTree = "<group>";
		};
		8478C409185CA74000B06779 /* ListenBooksTests */ = {
			isa = PBXGroup;
			children = (
				8478C40F185CA74000B06779 /* ListenBooksTests.m */,
				8478C40A185CA74000B06779 /* Supporting Files */,
			);
			path = ListenBooksTests;
			sourceTree = "<group>";
		};
		8478C40A185CA74000B06779 /* Supporting Files */ = {
			isa = PBXGroup;
			children = (
				8478C40B185CA74000B06779 /* ListenBooksTests-Info.plist */,
				8478C40C185CA74000B06779 /* InfoPlist.strings */,
			);
			name = "Supporting Files";
			sourceTree = "<group>";
		};
		8478C421185CA74000B06779 /* ListenBooksImporter */ = {
			isa = PBXGroup;
			children = (
				8478C429185CA74000B06779 /* GetMetadataForFile.m */,
				8478C42B185CA74000B06779 /* MySpotlightImporter.h */,
				8478C42C185CA74000B06779 /* MySpotlightImporter.m */,
				8478C42E185CA74000B06779 /* Importer Read Me.txt */,
				8478C422185CA74000B06779 /* Supporting Files */,
			);
			path = ListenBooksImporter;
			sourceTree = "<group>";
		};
		8478C422185CA74000B06779 /* Supporting Files */ = {
			isa = PBXGroup;
			children = (
				8478C423185CA74000B06779 /* ListenBooksImporter-Info.plist */,
				8478C424185CA74000B06779 /* InfoPlist.strings */,
				8478C427185CA74000B06779 /* main.c */,
				8478C42F185CA74000B06779 /* ListenBooksImporter-Prefix.pch */,
			);
			name = "Supporting Files";
			sourceTree = "<group>";
		};
		84E27E7D186249D100317411 /* Views */ = {
			isa = PBXGroup;
			children = (
				84E27EE61863024A00317411 /* Xibs */,
				84E27E771862465600317411 /* BookmarksView.h */,
				84E27E781862465600317411 /* BookmarksView.m */,
				84E27E7A1862466F00317411 /* SourceView.h */,
				84E27E7B1862466F00317411 /* SourceView.m */,
				84E27EA01863010800317411 /* ListCollectionView.h */,
				84E27EA11863010800317411 /* ListCollectionView.m */,
				84E27EE1186301FD00317411 /* ListCollectionViewItem.h */,
				84E27EE2186301FD00317411 /* ListCollectionViewItem.m */,
			);
			name = Views;
			sourceTree = "<group>";
		};
		84E27E7E186249DA00317411 /* Models */ = {
			isa = PBXGroup;
			children = (
				8478C3FA185CA73F00B06779 /* ListenBooks.xcdatamodeld */,
			);
			name = Models;
			sourceTree = "<group>";
		};
		84E27E7F186249E400317411 /* Resources */ = {
			isa = PBXGroup;
			children = (
				8478C3FD185CA73F00B06779 /* Images.xcassets */,
			);
			name = Resources;
			sourceTree = "<group>";
		};
		84E27E80186249F200317411 /* Application */ = {
			isa = PBXGroup;
			children = (
				8478C3F4185CA73F00B06779 /* AppDelegate.h */,
				8478C3F5185CA73F00B06779 /* AppDelegate.m */,
				8478C43B185CA80200B06779 /* ListenBooks.entitlements */,
			);
			name = Application;
			sourceTree = "<group>";
		};
		84E27E8118624B3800317411 /* Conrollers */ = {
			isa = PBXGroup;
			children = (
				84E27E8218624B6400317411 /* SourceController.h */,
				84E27E8318624B6400317411 /* SourceController.m */,
				84E27E8E18624C7300317411 /* BookmarksController.h */,
				84E27E8F18624C7300317411 /* BookmarksController.m */,
				84E27E8818624C2300317411 /* SourceTreeController.h */,
				84E27E8918624C2300317411 /* SourceTreeController.m */,
				84E27E9118624C9A00317411 /* BookmarksArrayController.h */,
				84E27E9218624C9A00317411 /* BookmarksArrayController.m */,
				84E27E9418624D6000317411 /* BookViewController.h */,
				84E27E9518624D6000317411 /* BookViewController.m */,
				84E27E9918624D9A00317411 /* ListViewController.h */,
				84E27E9A18624D9A00317411 /* ListViewController.m */,
				84E27EA31863013300317411 /* ListCollectionController.h */,
				84E27EA41863013300317411 /* ListCollectionController.m */,
			);
			name = Conrollers;
			sourceTree = "<group>";
		};
		84E27EE61863024A00317411 /* Xibs */ = {
			isa = PBXGroup;
			children = (
				8478C3F7185CA73F00B06779 /* MainMenu.xib */,
				84E27E9618624D6000317411 /* BookViewController.xib */,
				84E27E9B18624D9A00317411 /* ListViewController.xib */,
				84E27EE3186301FD00317411 /* ListCollectionViewItem.xib */,
			);
			name = Xibs;
			sourceTree = "<group>";
		};
/* End PBXGroup section */

/* Begin PBXNativeTarget section */
		8478C3DE185CA73F00B06779 /* ListenBooks */ = {
			isa = PBXNativeTarget;
			buildConfigurationList = 8478C435185CA74000B06779 /* Build configuration list for PBXNativeTarget "ListenBooks" */;
			buildPhases = (
				8478C3DB185CA73F00B06779 /* Sources */,
				8478C3DC185CA73F00B06779 /* Frameworks */,
				8478C3DD185CA73F00B06779 /* Resources */,
			);
			buildRules = (
			);
			dependencies = (
				8478C417185CA74000B06779 /* PBXTargetDependency */,
			);
			name = ListenBooks;
			productName = ListenBooks;
			productReference = 8478C3DF185CA73F00B06779 /* ListenBooks.app */;
			productType = "com.apple.product-type.application";
		};
		8478C402185CA74000B06779 /* ListenBooksTests */ = {
			isa = PBXNativeTarget;
			buildConfigurationList = 8478C438185CA74000B06779 /* Build configuration list for PBXNativeTarget "ListenBooksTests" */;
			buildPhases = (
				8478C3FF185CA74000B06779 /* Sources */,
				8478C400185CA74000B06779 /* Frameworks */,
				8478C401185CA74000B06779 /* Resources */,
			);
			buildRules = (
			);
			dependencies = (
				8478C408185CA74000B06779 /* PBXTargetDependency */,
			);
			name = ListenBooksTests;
			productName = ListenBooksTests;
			productReference = 8478C403185CA74000B06779 /* ListenBooksTests.xctest */;
			productType = "com.apple.product-type.bundle.unit-test";
		};
		8478C414185CA74000B06779 /* ListenBooksImporter */ = {
			isa = PBXNativeTarget;
			buildConfigurationList = 8478C432185CA74000B06779 /* Build configuration list for PBXNativeTarget "ListenBooksImporter" */;
			buildPhases = (
				8478C411185CA74000B06779 /* Sources */,
				8478C412185CA74000B06779 /* Frameworks */,
				8478C413185CA74000B06779 /* Resources */,
			);
			buildRules = (
			);
			dependencies = (
			);
			name = ListenBooksImporter;
			productName = ListenBooksImporter;
			productReference = 8478C415185CA74000B06779 /* ListenBooksImporter.mdimporter */;
			productType = "com.apple.product-type.bundle";
		};
/* End PBXNativeTarget section */

/* Begin PBXProject section */
		8478C3D7185CA73F00B06779 /* Project object */ = {
			isa = PBXProject;
			attributes = {
				LastUpgradeCheck = 0500;
				ORGANIZATIONNAME = "IC Servis";
				TargetAttributes = {
					8478C3DE185CA73F00B06779 = {
						DevelopmentTeam = 499QMERYRP;
						SystemCapabilities = {
							com.apple.Sandbox = {
								enabled = 1;
							};
						};
					};
					8478C402185CA74000B06779 = {
						TestTargetID = 8478C3DE185CA73F00B06779;
					};
				};
			};
			buildConfigurationList = 8478C3DA185CA73F00B06779 /* Build configuration list for PBXProject "ListenBooks" */;
			compatibilityVersion = "Xcode 3.2";
			developmentRegion = English;
			hasScannedForEncodings = 0;
			knownRegions = (
				en,
				Base,
			);
			mainGroup = 8478C3D6185CA73F00B06779;
			productRefGroup = 8478C3E0185CA73F00B06779 /* Products */;
			projectDirPath = "";
			projectRoot = "";
			targets = (
				8478C3DE185CA73F00B06779 /* ListenBooks */,
				8478C402185CA74000B06779 /* ListenBooksTests */,
				8478C414185CA74000B06779 /* ListenBooksImporter */,
			);
		};
/* End PBXProject section */

/* Begin PBXResourcesBuildPhase section */
		8478C3DD185CA73F00B06779 /* Resources */ = {
			isa = PBXResourcesBuildPhase;
			buildActionMask = 2147483647;
			files = (
				8478C3ED185CA73F00B06779 /* InfoPlist.strings in Resources */,
				8478C3FE185CA73F00B06779 /* Images.xcassets in Resources */,
				84E27E9D18624D9A00317411 /* ListViewController.xib in Resources */,
				8478C3F3185CA73F00B06779 /* Credits.rtf in Resources */,
				8478C418185CA74000B06779 /* ListenBooksImporter.mdimporter in Resources */,
				84E27EE5186301FD00317411 /* ListCollectionViewItem.xib in Resources */,
				8478C3F9185CA73F00B06779 /* MainMenu.xib in Resources */,
				84E27E9818624D6000317411 /* BookViewController.xib in Resources */,
			);
			runOnlyForDeploymentPostprocessing = 0;
		};
		8478C401185CA74000B06779 /* Resources */ = {
			isa = PBXResourcesBuildPhase;
			buildActionMask = 2147483647;
			files = (
				8478C40E185CA74000B06779 /* InfoPlist.strings in Resources */,
			);
			runOnlyForDeploymentPostprocessing = 0;
		};
		8478C413185CA74000B06779 /* Resources */ = {
			isa = PBXResourcesBuildPhase;
			buildActionMask = 2147483647;
			files = (
				8478C426185CA74000B06779 /* InfoPlist.strings in Resources */,
			);
			runOnlyForDeploymentPostprocessing = 0;
		};
/* End PBXResourcesBuildPhase section */

/* Begin PBXSourcesBuildPhase section */
		8478C3DB185CA73F00B06779 /* Sources */ = {
			isa = PBXSourcesBuildPhase;
			buildActionMask = 2147483647;
			files = (
				8444EACE185F841700F90B48 /* DDXMLNode.m in Sources */,
				8444EAA7185F83D900F90B48 /* KFEpubParser.m in Sources */,
				84E27E8A18624C2300317411 /* SourceTreeController.m in Sources */,
				8478C3F6185CA73F00B06779 /* AppDelegate.m in Sources */,
				8444EAA5185F83D900F90B48 /* KFEpubExtractor.m in Sources */,
				84E27EE4186301FD00317411 /* ListCollectionViewItem.m in Sources */,
				84E27E791862465600317411 /* BookmarksView.m in Sources */,
				8444EACB185F841700F90B48 /* NSString+DDXML.m in Sources */,
				8444EAB8185F840800F90B48 /* zip.c in Sources */,
				8444EAB9185F840800F90B48 /* SSZipArchive.m in Sources */,
				84E27E9718624D6000317411 /* BookViewController.m in Sources */,
				84E27E9018624C7300317411 /* BookmarksController.m in Sources */,
				84E27E9C18624D9A00317411 /* ListViewController.m in Sources */,
				84E27EA21863010800317411 /* ListCollectionView.m in Sources */,
				8478C3EF185CA73F00B06779 /* main.m in Sources */,
				8444EAA6185F83D900F90B48 /* KFEpubKit.m in Sources */,
				8444EACD185F841700F90B48 /* DDXMLElement.m in Sources */,
				84E27E7C1862466F00317411 /* SourceView.m in Sources */,
				84E27E9318624C9A00317411 /* BookmarksArrayController.m in Sources */,
				84E27EA51863013300317411 /* ListCollectionController.m in Sources */,
				8444EA93185F83A400F90B48 /* KFToolbar.m in Sources */,
				8444EAB5185F840800F90B48 /* ioapi.c in Sources */,
				8444EACC185F841700F90B48 /* DDXMLDocument.m in Sources */,
				8444EAA3185F83D900F90B48 /* KFEpubContentModel.m in Sources */,
				8444EAB7185F840800F90B48 /* unzip.c in Sources */,
				8444EA94185F83A400F90B48 /* KFToolbarItem.m in Sources */,
				84E27E8418624B6400317411 /* SourceController.m in Sources */,
				8444EAA2185F83D900F90B48 /* KFEpubConstants.m in Sources */,
				8444EACA185F841700F90B48 /* DDXMLElementAdditions.m in Sources */,
				8444EAA4185F83D900F90B48 /* KFEpubController.m in Sources */,
				8478C3FC185CA73F00B06779 /* ListenBooks.xcdatamodeld in Sources */,
				8444EAB6185F840800F90B48 /* mztools.c in Sources */,
			);
			runOnlyForDeploymentPostprocessing = 0;
		};
		8478C3FF185CA74000B06779 /* Sources */ = {
			isa = PBXSourcesBuildPhase;
			buildActionMask = 2147483647;
			files = (
				8478C410185CA74000B06779 /* ListenBooksTests.m in Sources */,
			);
			runOnlyForDeploymentPostprocessing = 0;
		};
		8478C411185CA74000B06779 /* Sources */ = {
			isa = PBXSourcesBuildPhase;
			buildActionMask = 2147483647;
			files = (
				8478C42D185CA74000B06779 /* MySpotlightImporter.m in Sources */,
				8478C428185CA74000B06779 /* main.c in Sources */,
				8478C42A185CA74000B06779 /* GetMetadataForFile.m in Sources */,
			);
			runOnlyForDeploymentPostprocessing = 0;
		};
/* End PBXSourcesBuildPhase section */

/* Begin PBXTargetDependency section */
		8478C408185CA74000B06779 /* PBXTargetDependency */ = {
			isa = PBXTargetDependency;
			target = 8478C3DE185CA73F00B06779 /* ListenBooks */;
			targetProxy = 8478C407185CA74000B06779 /* PBXContainerItemProxy */;
		};
		8478C417185CA74000B06779 /* PBXTargetDependency */ = {
			isa = PBXTargetDependency;
			target = 8478C414185CA74000B06779 /* ListenBooksImporter */;
			targetProxy = 8478C416185CA74000B06779 /* PBXContainerItemProxy */;
		};
/* End PBXTargetDependency section */

/* Begin PBXVariantGroup section */
		8478C3EB185CA73F00B06779 /* InfoPlist.strings */ = {
			isa = PBXVariantGroup;
			children = (
				8478C3EC185CA73F00B06779 /* en */,
			);
			name = InfoPlist.strings;
			sourceTree = "<group>";
		};
		8478C3F1185CA73F00B06779 /* Credits.rtf */ = {
			isa = PBXVariantGroup;
			children = (
				8478C3F2185CA73F00B06779 /* en */,
			);
			name = Credits.rtf;
			sourceTree = "<group>";
		};
		8478C3F7185CA73F00B06779 /* MainMenu.xib */ = {
			isa = PBXVariantGroup;
			children = (
				8478C3F8185CA73F00B06779 /* Base */,
			);
			name = MainMenu.xib;
			sourceTree = "<group>";
		};
		8478C40C185CA74000B06779 /* InfoPlist.strings */ = {
			isa = PBXVariantGroup;
			children = (
				8478C40D185CA74000B06779 /* en */,
			);
			name = InfoPlist.strings;
			sourceTree = "<group>";
		};
		8478C424185CA74000B06779 /* InfoPlist.strings */ = {
			isa = PBXVariantGroup;
			children = (
				8478C425185CA74000B06779 /* en */,
			);
			name = InfoPlist.strings;
			sourceTree = "<group>";
		};
/* End PBXVariantGroup section */

/* Begin XCBuildConfiguration section */
		8478C430185CA74000B06779 /* Debug */ = {
			isa = XCBuildConfiguration;
			buildSettings = {
				ALWAYS_SEARCH_USER_PATHS = NO;
				CLANG_CXX_LANGUAGE_STANDARD = "gnu++0x";
				CLANG_CXX_LIBRARY = "libc++";
				CLANG_ENABLE_OBJC_ARC = YES;
				CLANG_WARN_BOOL_CONVERSION = YES;
				CLANG_WARN_CONSTANT_CONVERSION = YES;
				CLANG_WARN_DIRECT_OBJC_ISA_USAGE = YES_ERROR;
				CLANG_WARN_EMPTY_BODY = YES;
				CLANG_WARN_ENUM_CONVERSION = YES;
				CLANG_WARN_INT_CONVERSION = YES;
				CLANG_WARN_OBJC_ROOT_CLASS = YES_ERROR;
				CLANG_WARN__DUPLICATE_METHOD_MATCH = YES;
				COPY_PHASE_STRIP = NO;
				GCC_C_LANGUAGE_STANDARD = gnu99;
				GCC_DYNAMIC_NO_PIC = NO;
				GCC_ENABLE_OBJC_EXCEPTIONS = YES;
				GCC_OPTIMIZATION_LEVEL = 0;
				GCC_PREPROCESSOR_DEFINITIONS = (
					"DEBUG=1",
					"$(inherited)",
				);
				GCC_SYMBOLS_PRIVATE_EXTERN = NO;
				GCC_WARN_64_TO_32_BIT_CONVERSION = YES;
				GCC_WARN_ABOUT_RETURN_TYPE = YES_ERROR;
				GCC_WARN_UNDECLARED_SELECTOR = YES;
				GCC_WARN_UNINITIALIZED_AUTOS = YES;
				GCC_WARN_UNUSED_FUNCTION = YES;
				GCC_WARN_UNUSED_VARIABLE = YES;
				HEADER_SEARCH_PATHS = (
					"$(inherited)",
					/Applications/Xcode.app/Contents/Developer/Toolchains/XcodeDefault.xctoolchain/usr/include,
					/usr/include/libxml2,
					"Vendor/**",
				);
				MACOSX_DEPLOYMENT_TARGET = 10.9;
				ONLY_ACTIVE_ARCH = YES;
				OTHER_LDFLAGS = "-lxml2";
				SDKROOT = macosx;
			};
			name = Debug;
		};
		8478C431185CA74000B06779 /* Release */ = {
			isa = XCBuildConfiguration;
			buildSettings = {
				ALWAYS_SEARCH_USER_PATHS = NO;
				CLANG_CXX_LANGUAGE_STANDARD = "gnu++0x";
				CLANG_CXX_LIBRARY = "libc++";
				CLANG_ENABLE_OBJC_ARC = YES;
				CLANG_WARN_BOOL_CONVERSION = YES;
				CLANG_WARN_CONSTANT_CONVERSION = YES;
				CLANG_WARN_DIRECT_OBJC_ISA_USAGE = YES_ERROR;
				CLANG_WARN_EMPTY_BODY = YES;
				CLANG_WARN_ENUM_CONVERSION = YES;
				CLANG_WARN_INT_CONVERSION = YES;
				CLANG_WARN_OBJC_ROOT_CLASS = YES_ERROR;
				CLANG_WARN__DUPLICATE_METHOD_MATCH = YES;
				COPY_PHASE_STRIP = YES;
				DEBUG_INFORMATION_FORMAT = "dwarf-with-dsym";
				ENABLE_NS_ASSERTIONS = NO;
				GCC_C_LANGUAGE_STANDARD = gnu99;
				GCC_ENABLE_OBJC_EXCEPTIONS = YES;
				GCC_WARN_64_TO_32_BIT_CONVERSION = YES;
				GCC_WARN_ABOUT_RETURN_TYPE = YES_ERROR;
				GCC_WARN_UNDECLARED_SELECTOR = YES;
				GCC_WARN_UNINITIALIZED_AUTOS = YES;
				GCC_WARN_UNUSED_FUNCTION = YES;
				GCC_WARN_UNUSED_VARIABLE = YES;
				HEADER_SEARCH_PATHS = (
					"$(inherited)",
					/Applications/Xcode.app/Contents/Developer/Toolchains/XcodeDefault.xctoolchain/usr/include,
					/usr/include/libxml2,
					"Vendor/**",
				);
				MACOSX_DEPLOYMENT_TARGET = 10.9;
				OTHER_LDFLAGS = "-lxml2";
				SDKROOT = macosx;
			};
			name = Release;
		};
		8478C433185CA74000B06779 /* Debug */ = {
			isa = XCBuildConfiguration;
			buildSettings = {
				ALWAYS_SEARCH_USER_PATHS = YES;
				COMBINE_HIDPI_IMAGES = YES;
				GCC_PRECOMPILE_PREFIX_HEADER = YES;
				GCC_PREFIX_HEADER = "ListenBooksImporter/ListenBooksImporter-Prefix.pch";
				GCC_PREPROCESSOR_DEFINITIONS = (
					"DEBUG=1",
					"$(inherited)",
				);
				INFOPLIST_FILE = "ListenBooksImporter/ListenBooksImporter-Info.plist";
				INSTALL_PATH = "@executable_path/../Contents/Library/Spotlight";
				LIBRARY_STYLE = BUNDLE;
				PRODUCT_NAME = "$(TARGET_NAME)";
				SKIP_INSTALL = YES;
				WRAPPER_EXTENSION = mdimporter;
			};
			name = Debug;
		};
		8478C434185CA74000B06779 /* Release */ = {
			isa = XCBuildConfiguration;
			buildSettings = {
				ALWAYS_SEARCH_USER_PATHS = YES;
				COMBINE_HIDPI_IMAGES = YES;
				GCC_PRECOMPILE_PREFIX_HEADER = YES;
				GCC_PREFIX_HEADER = "ListenBooksImporter/ListenBooksImporter-Prefix.pch";
				INFOPLIST_FILE = "ListenBooksImporter/ListenBooksImporter-Info.plist";
				INSTALL_PATH = "@executable_path/../Contents/Library/Spotlight";
				LIBRARY_STYLE = BUNDLE;
				PRODUCT_NAME = "$(TARGET_NAME)";
				SKIP_INSTALL = YES;
				WRAPPER_EXTENSION = mdimporter;
			};
			name = Release;
		};
		8478C436185CA74000B06779 /* Debug */ = {
			isa = XCBuildConfiguration;
			buildSettings = {
				ASSETCATALOG_COMPILER_APPICON_NAME = AppIcon;
				CODE_SIGN_ENTITLEMENTS = ListenBooks/ListenBooks.entitlements;
				CODE_SIGN_IDENTITY = "Mac Developer";
				COMBINE_HIDPI_IMAGES = YES;
				GCC_PRECOMPILE_PREFIX_HEADER = YES;
				GCC_PREFIX_HEADER = "ListenBooks/ListenBooks-Prefix.pch";
				INFOPLIST_FILE = "ListenBooks/ListenBooks-Info.plist";
				PRODUCT_NAME = "$(TARGET_NAME)";
				WRAPPER_EXTENSION = app;
			};
			name = Debug;
		};
		8478C437185CA74000B06779 /* Release */ = {
			isa = XCBuildConfiguration;
			buildSettings = {
				ASSETCATALOG_COMPILER_APPICON_NAME = AppIcon;
				CODE_SIGN_ENTITLEMENTS = ListenBooks/ListenBooks.entitlements;
				CODE_SIGN_IDENTITY = "Mac Developer";
				COMBINE_HIDPI_IMAGES = YES;
				GCC_PRECOMPILE_PREFIX_HEADER = YES;
				GCC_PREFIX_HEADER = "ListenBooks/ListenBooks-Prefix.pch";
				INFOPLIST_FILE = "ListenBooks/ListenBooks-Info.plist";
				PRODUCT_NAME = "$(TARGET_NAME)";
				WRAPPER_EXTENSION = app;
			};
			name = Release;
		};
		8478C439185CA74000B06779 /* Debug */ = {
			isa = XCBuildConfiguration;
			buildSettings = {
				BUNDLE_LOADER = "$(BUILT_PRODUCTS_DIR)/ListenBooks.app/Contents/MacOS/ListenBooks";
				COMBINE_HIDPI_IMAGES = YES;
				FRAMEWORK_SEARCH_PATHS = (
					"$(DEVELOPER_FRAMEWORKS_DIR)",
					"$(inherited)",
				);
				GCC_PRECOMPILE_PREFIX_HEADER = YES;
				GCC_PREFIX_HEADER = "ListenBooks/ListenBooks-Prefix.pch";
				GCC_PREPROCESSOR_DEFINITIONS = (
					"DEBUG=1",
					"$(inherited)",
				);
				INFOPLIST_FILE = "ListenBooksTests/ListenBooksTests-Info.plist";
				PRODUCT_NAME = "$(TARGET_NAME)";
				TEST_HOST = "$(BUNDLE_LOADER)";
				WRAPPER_EXTENSION = xctest;
			};
			name = Debug;
		};
		8478C43A185CA74000B06779 /* Release */ = {
			isa = XCBuildConfiguration;
			buildSettings = {
				BUNDLE_LOADER = "$(BUILT_PRODUCTS_DIR)/ListenBooks.app/Contents/MacOS/ListenBooks";
				COMBINE_HIDPI_IMAGES = YES;
				FRAMEWORK_SEARCH_PATHS = (
					"$(DEVELOPER_FRAMEWORKS_DIR)",
					"$(inherited)",
				);
				GCC_PRECOMPILE_PREFIX_HEADER = YES;
				GCC_PREFIX_HEADER = "ListenBooks/ListenBooks-Prefix.pch";
				INFOPLIST_FILE = "ListenBooksTests/ListenBooksTests-Info.plist";
				PRODUCT_NAME = "$(TARGET_NAME)";
				TEST_HOST = "$(BUNDLE_LOADER)";
				WRAPPER_EXTENSION = xctest;
			};
			name = Release;
		};
/* End XCBuildConfiguration section */

/* Begin XCConfigurationList section */
		8478C3DA185CA73F00B06779 /* Build configuration list for PBXProject "ListenBooks" */ = {
			isa = XCConfigurationList;
			buildConfigurations = (
				8478C430185CA74000B06779 /* Debug */,
				8478C431185CA74000B06779 /* Release */,
			);
			defaultConfigurationIsVisible = 0;
			defaultConfigurationName = Release;
		};
		8478C432185CA74000B06779 /* Build configuration list for PBXNativeTarget "ListenBooksImporter" */ = {
			isa = XCConfigurationList;
			buildConfigurations = (
				8478C433185CA74000B06779 /* Debug */,
				8478C434185CA74000B06779 /* Release */,
			);
			defaultConfigurationIsVisible = 0;
			defaultConfigurationName = Release;
		};
		8478C435185CA74000B06779 /* Build configuration list for PBXNativeTarget "ListenBooks" */ = {
			isa = XCConfigurationList;
			buildConfigurations = (
				8478C436185CA74000B06779 /* Debug */,
				8478C437185CA74000B06779 /* Release */,
			);
			defaultConfigurationIsVisible = 0;
			defaultConfigurationName = Release;
		};
		8478C438185CA74000B06779 /* Build configuration list for PBXNativeTarget "ListenBooksTests" */ = {
			isa = XCConfigurationList;
			buildConfigurations = (
				8478C439185CA74000B06779 /* Debug */,
				8478C43A185CA74000B06779 /* Release */,
			);
			defaultConfigurationIsVisible = 0;
			defaultConfigurationName = Release;
		};
/* End XCConfigurationList section */

/* Begin XCVersionGroup section */
		8478C3FA185CA73F00B06779 /* ListenBooks.xcdatamodeld */ = {
			isa = XCVersionGroup;
			children = (
				8478C3FB185CA73F00B06779 /* ListenBooks.xcdatamodel */,
			);
			currentVersion = 8478C3FB185CA73F00B06779 /* ListenBooks.xcdatamodel */;
			path = ListenBooks.xcdatamodeld;
			sourceTree = "<group>";
			versionGroupType = wrapper.xcdatamodel;
		};
/* End XCVersionGroup section */
	};
	rootObject = 8478C3D7185CA73F00B06779 /* Project object */;
}
